// !$*UTF8*$!
{
	archiveVersion = 1;
	classes = {
	};
	objectVersion = 46;
	objects = {

/* Begin PBXBuildFile section */
		F21551AC180705380020183B /* Foundation.framework in Frameworks */ = {isa = PBXBuildFile; fileRef = F21551AB180705380020183B /* Foundation.framework */; };
		F21551AE180705380020183B /* CoreGraphics.framework in Frameworks */ = {isa = PBXBuildFile; fileRef = F21551AD180705380020183B /* CoreGraphics.framework */; };
		F21551B0180705380020183B /* UIKit.framework in Frameworks */ = {isa = PBXBuildFile; fileRef = F21551AF180705380020183B /* UIKit.framework */; };
		F21551B6180705380020183B /* InfoPlist.strings in Resources */ = {isa = PBXBuildFile; fileRef = F21551B4180705380020183B /* InfoPlist.strings */; };
		F21551B8180705380020183B /* main.m in Sources */ = {isa = PBXBuildFile; fileRef = F21551B7180705380020183B /* main.m */; };
		F21551BC180705380020183B /* BEAppDelegate.m in Sources */ = {isa = PBXBuildFile; fileRef = F21551BB180705380020183B /* BEAppDelegate.m */; };
		F21551C2180705380020183B /* BEViewController.m in Sources */ = {isa = PBXBuildFile; fileRef = F21551C1180705380020183B /* BEViewController.m */; };
		F21551CB180705380020183B /* XCTest.framework in Frameworks */ = {isa = PBXBuildFile; fileRef = F21551CA180705380020183B /* XCTest.framework */; };
		F21551CC180705380020183B /* Foundation.framework in Frameworks */ = {isa = PBXBuildFile; fileRef = F21551AB180705380020183B /* Foundation.framework */; };
		F21551CD180705380020183B /* UIKit.framework in Frameworks */ = {isa = PBXBuildFile; fileRef = F21551AF180705380020183B /* UIKit.framework */; };
		F21551D5180705380020183B /* InfoPlist.strings in Resources */ = {isa = PBXBuildFile; fileRef = F21551D3180705380020183B /* InfoPlist.strings */; };
		F21551D7180705380020183B /* badEggTests.m in Sources */ = {isa = PBXBuildFile; fileRef = F21551D6180705380020183B /* badEggTests.m */; };
		F21551FC18070BE10020183B /* Main_ios5.storyboard in Resources */ = {isa = PBXBuildFile; fileRef = F21551F818070BE10020183B /* Main_ios5.storyboard */; };
		F21551FD18070BE10020183B /* Main.storyboard in Resources */ = {isa = PBXBuildFile; fileRef = F21551FA18070BE10020183B /* Main.storyboard */; };
		F22F35381833204700FE96B5 /* BENewsDetailController.m in Sources */ = {isa = PBXBuildFile; fileRef = F22F35371833204700FE96B5 /* BENewsDetailController.m */; };
		F22F353F1833273700FE96B5 /* DateUtils.m in Sources */ = {isa = PBXBuildFile; fileRef = F22F353E1833273700FE96B5 /* DateUtils.m */; };
		F22F35421833273E00FE96B5 /* APPUtils.m in Sources */ = {isa = PBXBuildFile; fileRef = F22F35411833273E00FE96B5 /* APPUtils.m */; };
		F22F354A1833304000FE96B5 /* download.png in Resources */ = {isa = PBXBuildFile; fileRef = F22F35451833304000FE96B5 /* download.png */; };
		F22F354B1833304000FE96B5 /* downloaded.png in Resources */ = {isa = PBXBuildFile; fileRef = F22F35461833304000FE96B5 /* downloaded.png */; };
		F22F354C1833304000FE96B5 /* grid.png in Resources */ = {isa = PBXBuildFile; fileRef = F22F35471833304000FE96B5 /* grid.png */; };
		F22F354D1833304000FE96B5 /* introduce@2x.png in Resources */ = {isa = PBXBuildFile; fileRef = F22F35481833304000FE96B5 /* introduce@2x.png */; };
		F22F354E1833304000FE96B5 /* playing.png in Resources */ = {isa = PBXBuildFile; fileRef = F22F35491833304000FE96B5 /* playing.png */; };
		F22F35511833327C00FE96B5 /* BEListController.m in Sources */ = {isa = PBXBuildFile; fileRef = F22F35501833327C00FE96B5 /* BEListController.m */; };
		F22F35551833339400FE96B5 /* BEListCell.m in Sources */ = {isa = PBXBuildFile; fileRef = F22F35541833339400FE96B5 /* BEListCell.m */; };
		F22F35581833391300FE96B5 /* DarkBackground.png in Resources */ = {isa = PBXBuildFile; fileRef = F22F35561833391300FE96B5 /* DarkBackground.png */; };
		F22F35591833391300FE96B5 /* LightBackground.png in Resources */ = {isa = PBXBuildFile; fileRef = F22F35571833391300FE96B5 /* LightBackground.png */; };
		F22F355D18333F2400FE96B5 /* setting.png in Resources */ = {isa = PBXBuildFile; fileRef = F22F355C18333F2400FE96B5 /* setting.png */; };
		F22F356018333FB100FE96B5 /* BEVIPController.m in Sources */ = {isa = PBXBuildFile; fileRef = F22F355F18333FB100FE96B5 /* BEVIPController.m */; };
		F22F35631833438A00FE96B5 /* navibar641@2x.png in Resources */ = {isa = PBXBuildFile; fileRef = F22F35621833438A00FE96B5 /* navibar641@2x.png */; };
		F22F3567183345B900FE96B5 /* navibar641.png in Resources */ = {isa = PBXBuildFile; fileRef = F22F3566183345B900FE96B5 /* navibar641.png */; };
		F22F356A1833462500FE96B5 /* navibar441.png in Resources */ = {isa = PBXBuildFile; fileRef = F22F35681833462500FE96B5 /* navibar441.png */; };
		F22F356B1833462500FE96B5 /* navibar441@2x.png in Resources */ = {isa = PBXBuildFile; fileRef = F22F35691833462500FE96B5 /* navibar441@2x.png */; };
		F22F356E1833478300FE96B5 /* tablebar.png in Resources */ = {isa = PBXBuildFile; fileRef = F22F356C1833478300FE96B5 /* tablebar.png */; };
		F22F356F1833478300FE96B5 /* tablebar@2x.png in Resources */ = {isa = PBXBuildFile; fileRef = F22F356D1833478300FE96B5 /* tablebar@2x.png */; };
		F22F357318334CE600FE96B5 /* BEMOREController.m in Sources */ = {isa = PBXBuildFile; fileRef = F22F357218334CE600FE96B5 /* BEMOREController.m */; };
		F22F357A18334DBF00FE96B5 /* 4grid@2x.png in Resources */ = {isa = PBXBuildFile; fileRef = F22F357518334DBF00FE96B5 /* 4grid@2x.png */; };
		F22F357B18334DBF00FE96B5 /* feedback.png in Resources */ = {isa = PBXBuildFile; fileRef = F22F357618334DBF00FE96B5 /* feedback.png */; };
		F22F357C18334DBF00FE96B5 /* press.png in Resources */ = {isa = PBXBuildFile; fileRef = F22F357718334DBF00FE96B5 /* press.png */; };
		F22F357D18334DBF00FE96B5 /* send.png in Resources */ = {isa = PBXBuildFile; fileRef = F22F357818334DBF00FE96B5 /* send.png */; };
		F22F357E18334DBF00FE96B5 /* share.png in Resources */ = {isa = PBXBuildFile; fileRef = F22F357918334DBF00FE96B5 /* share.png */; };
		F22F3582183371A300FE96B5 /* BEIntroController.m in Sources */ = {isa = PBXBuildFile; fileRef = F22F3581183371A300FE96B5 /* BEIntroController.m */; };
		F22F35871833774900FE96B5 /* BESetUpViewController.m in Sources */ = {isa = PBXBuildFile; fileRef = F22F35861833774900FE96B5 /* BESetUpViewController.m */; };
		F22F358B18337C8900FE96B5 /* BELoginController.m in Sources */ = {isa = PBXBuildFile; fileRef = F22F358A18337C8900FE96B5 /* BELoginController.m */; };
		F22F358E1833801300FE96B5 /* BERegisterController.m in Sources */ = {isa = PBXBuildFile; fileRef = F22F358D1833801300FE96B5 /* BERegisterController.m */; };
		F22F35911833803600FE96B5 /* BEFPWController.m in Sources */ = {isa = PBXBuildFile; fileRef = F22F35901833803600FE96B5 /* BEFPWController.m */; };
		F253A7121844DC3300C791DE /* MobileCoreServices.framework in Frameworks */ = {isa = PBXBuildFile; fileRef = F253A7111844DC3300C791DE /* MobileCoreServices.framework */; };
		F253A7141844DC6500C791DE /* SystemConfiguration.framework in Frameworks */ = {isa = PBXBuildFile; fileRef = F253A7131844DC6500C791DE /* SystemConfiguration.framework */; };
		F253A7161844DC8000C791DE /* CoreLocation.framework in Frameworks */ = {isa = PBXBuildFile; fileRef = F253A7151844DC8000C791DE /* CoreLocation.framework */; };
		F25C549918083E7B0014AFE1 /* Default-568h@2x.png in Resources */ = {isa = PBXBuildFile; fileRef = F25C549818083E7B0014AFE1 /* Default-568h@2x.png */; };
		F25C549F180841890014AFE1 /* Images.xcassets in Resources */ = {isa = PBXBuildFile; fileRef = F25C549E180841890014AFE1 /* Images.xcassets */; };
		F28CDEC91844DCF9004C35AE /* Security.framework in Frameworks */ = {isa = PBXBuildFile; fileRef = F28CDEC81844DCF9004C35AE /* Security.framework */; };
		F295E4131810236300E154A4 /* background.png in Resources */ = {isa = PBXBuildFile; fileRef = F295E4121810236300E154A4 /* background.png */; };
		F295E4151810236900E154A4 /* board.png in Resources */ = {isa = PBXBuildFile; fileRef = F295E4141810236900E154A4 /* board.png */; };
		F295E4171810237600E154A4 /* board2.png in Resources */ = {isa = PBXBuildFile; fileRef = F295E4161810237600E154A4 /* board2.png */; };
		F295E4211810238100E154A4 /* dot.png in Resources */ = {isa = PBXBuildFile; fileRef = F295E4181810238100E154A4 /* dot.png */; };
		F295E4221810238100E154A4 /* dot2.png in Resources */ = {isa = PBXBuildFile; fileRef = F295E4191810238100E154A4 /* dot2.png */; };
		F295E4231810238100E154A4 /* line.png in Resources */ = {isa = PBXBuildFile; fileRef = F295E41A1810238100E154A4 /* line.png */; };
		F295E4241810238100E154A4 /* line2.png in Resources */ = {isa = PBXBuildFile; fileRef = F295E41B1810238100E154A4 /* line2.png */; };
		F295E4251810238100E154A4 /* navibar.png in Resources */ = {isa = PBXBuildFile; fileRef = F295E41C1810238100E154A4 /* navibar.png */; };
		F295E4271810238100E154A4 /* photo.png in Resources */ = {isa = PBXBuildFile; fileRef = F295E41E1810238100E154A4 /* photo.png */; };
		F295E4281810238100E154A4 /* select.png in Resources */ = {isa = PBXBuildFile; fileRef = F295E41F1810238100E154A4 /* select.png */; };
		F295E4291810238100E154A4 /* tabbar@2x.png in Resources */ = {isa = PBXBuildFile; fileRef = F295E4201810238100E154A4 /* tabbar@2x.png */; };
		F295E42D181023B200E154A4 /* UIImage+rescale.m in Sources */ = {isa = PBXBuildFile; fileRef = F295E42C181023B200E154A4 /* UIImage+rescale.m */; };
		F295E42F181023CD00E154A4 /* QuartzCore.framework in Frameworks */ = {isa = PBXBuildFile; fileRef = F295E42E181023CD00E154A4 /* QuartzCore.framework */; };
		F295E431181029EF00E154A4 /* navbar44@2x.png in Resources */ = {isa = PBXBuildFile; fileRef = F295E430181029EF00E154A4 /* navbar44@2x.png */; };
		F295E43318102A6100E154A4 /* navbar64@2x.png in Resources */ = {isa = PBXBuildFile; fileRef = F295E43218102A6100E154A4 /* navbar64@2x.png */; };
		F295E43518102DEB00E154A4 /* navbar_background@2x.png in Resources */ = {isa = PBXBuildFile; fileRef = F295E43418102DEB00E154A4 /* navbar_background@2x.png */; };
		F295E43818102E3800E154A4 /* top_navigation_background_88@2x.png in Resources */ = {isa = PBXBuildFile; fileRef = F295E43618102E3800E154A4 /* top_navigation_background_88@2x.png */; };
		F295E43918102E3800E154A4 /* top_navigation_background@2x.png in Resources */ = {isa = PBXBuildFile; fileRef = F295E43718102E3800E154A4 /* top_navigation_background@2x.png */; };
		F295E43B1810334D00E154A4 /* tabbar49@2x.png in Resources */ = {isa = PBXBuildFile; fileRef = F295E43A1810334D00E154A4 /* tabbar49@2x.png */; };
		F299A5EA1839EF6700ACFDC6 /* libxml2.2.dylib in Frameworks */ = {isa = PBXBuildFile; fileRef = F299A5E91839EF6600ACFDC6 /* libxml2.2.dylib */; };
		F299A5F01839EFAB00ACFDC6 /* TFHpple.m in Sources */ = {isa = PBXBuildFile; fileRef = F299A5ED1839EFAB00ACFDC6 /* TFHpple.m */; };
		F299A5F11839EFAB00ACFDC6 /* TFHppleElement.m in Sources */ = {isa = PBXBuildFile; fileRef = F299A5EF1839EFAB00ACFDC6 /* TFHppleElement.m */; };
		F299A5F41839EFBA00ACFDC6 /* XPathQuery.m in Sources */ = {isa = PBXBuildFile; fileRef = F299A5F21839EFBA00ACFDC6 /* XPathQuery.m */; };
		F299A5F61839F4F700ACFDC6 /* test.html in Resources */ = {isa = PBXBuildFile; fileRef = F299A5F51839F4F700ACFDC6 /* test.html */; };
		F2B322081808F28F0008FDBB /* BENewsController.m in Sources */ = {isa = PBXBuildFile; fileRef = F2B322071808F28F0008FDBB /* BENewsController.m */; };
		F2D42C86183AFCFE00345107 /* BEPraseMusicController.m in Sources */ = {isa = PBXBuildFile; fileRef = F2D42C85183AFCFE00345107 /* BEPraseMusicController.m */; };
		F2E5D8561844E23A001FD033 /* AFHTTPRequestOperation.m in Sources */ = {isa = PBXBuildFile; fileRef = F2E5D8441844E23A001FD033 /* AFHTTPRequestOperation.m */; };
		F2E5D8571844E23A001FD033 /* AFHTTPRequestOperationManager.m in Sources */ = {isa = PBXBuildFile; fileRef = F2E5D8461844E23A001FD033 /* AFHTTPRequestOperationManager.m */; };
		F2E5D8581844E23A001FD033 /* AFHTTPSessionManager.m in Sources */ = {isa = PBXBuildFile; fileRef = F2E5D8481844E23A001FD033 /* AFHTTPSessionManager.m */; };
		F2E5D8591844E23A001FD033 /* AFNetworkReachabilityManager.m in Sources */ = {isa = PBXBuildFile; fileRef = F2E5D84B1844E23A001FD033 /* AFNetworkReachabilityManager.m */; };
		F2E5D85A1844E23A001FD033 /* AFSecurityPolicy.m in Sources */ = {isa = PBXBuildFile; fileRef = F2E5D84D1844E23A001FD033 /* AFSecurityPolicy.m */; };
		F2E5D85B1844E23A001FD033 /* AFURLConnectionOperation.m in Sources */ = {isa = PBXBuildFile; fileRef = F2E5D84F1844E23A001FD033 /* AFURLConnectionOperation.m */; };
		F2E5D85C1844E23A001FD033 /* AFURLRequestSerialization.m in Sources */ = {isa = PBXBuildFile; fileRef = F2E5D8511844E23A001FD033 /* AFURLRequestSerialization.m */; };
		F2E5D85D1844E23A001FD033 /* AFURLResponseSerialization.m in Sources */ = {isa = PBXBuildFile; fileRef = F2E5D8531844E23A001FD033 /* AFURLResponseSerialization.m */; };
		F2E5D85E1844E23A001FD033 /* AFURLSessionManager.m in Sources */ = {isa = PBXBuildFile; fileRef = F2E5D8551844E23A001FD033 /* AFURLSessionManager.m */; };
		F2E5D86F1844E24F001FD033 /* AFNetworkActivityIndicatorManager.m in Sources */ = {isa = PBXBuildFile; fileRef = F2E5D8611844E24F001FD033 /* AFNetworkActivityIndicatorManager.m */; };
		F2E5D8701844E24F001FD033 /* UIActivityIndicatorView+AFNetworking.m in Sources */ = {isa = PBXBuildFile; fileRef = F2E5D8631844E24F001FD033 /* UIActivityIndicatorView+AFNetworking.m */; };
		F2E5D8711844E24F001FD033 /* UIAlertView+AFNetworking.m in Sources */ = {isa = PBXBuildFile; fileRef = F2E5D8651844E24F001FD033 /* UIAlertView+AFNetworking.m */; };
		F2E5D8721844E24F001FD033 /* UIButton+AFNetworking.m in Sources */ = {isa = PBXBuildFile; fileRef = F2E5D8671844E24F001FD033 /* UIButton+AFNetworking.m */; };
		F2E5D8731844E24F001FD033 /* UIImageView+AFNetworking.m in Sources */ = {isa = PBXBuildFile; fileRef = F2E5D8691844E24F001FD033 /* UIImageView+AFNetworking.m */; };
		F2E5D8741844E24F001FD033 /* UIProgressView+AFNetworking.m in Sources */ = {isa = PBXBuildFile; fileRef = F2E5D86C1844E24F001FD033 /* UIProgressView+AFNetworking.m */; };
		F2E5D8751844E24F001FD033 /* UIWebView+AFNetworking.m in Sources */ = {isa = PBXBuildFile; fileRef = F2E5D86E1844E24F001FD033 /* UIWebView+AFNetworking.m */; };
		F2E5D8791844E574001FD033 /* MediaPlayer.framework in Frameworks */ = {isa = PBXBuildFile; fileRef = F2E5D8781844E574001FD033 /* MediaPlayer.framework */; };
		F2E5D87B1844E584001FD033 /* CFNetwork.framework in Frameworks */ = {isa = PBXBuildFile; fileRef = F2E5D87A1844E584001FD033 /* CFNetwork.framework */; };
		F2E5D87D1844E58F001FD033 /* AudioToolbox.framework in Frameworks */ = {isa = PBXBuildFile; fileRef = F2E5D87C1844E58F001FD033 /* AudioToolbox.framework */; };
		F2E5D8801844E5C4001FD033 /* AudioStreamer.m in Sources */ = {isa = PBXBuildFile; fileRef = F2E5D87F1844E5C4001FD033 /* AudioStreamer.m */; settings = {COMPILER_FLAGS = "-fno-objc-arc"; }; };
		F2F773D2180B87360070EF24 /* Icon-72.png in Resources */ = {isa = PBXBuildFile; fileRef = F2F773CC180B87360070EF24 /* Icon-72.png */; };
		F2F773D3180B87360070EF24 /* Icon@2x.png in Resources */ = {isa = PBXBuildFile; fileRef = F2F773CD180B87360070EF24 /* Icon@2x.png */; };
		F2F773D7180B87E50070EF24 /* Default.png in Resources */ = {isa = PBXBuildFile; fileRef = F2F773D4180B87E50070EF24 /* Default.png */; };
		F2F773D8180B87E50070EF24 /* Default@2x.png in Resources */ = {isa = PBXBuildFile; fileRef = F2F773D5180B87E50070EF24 /* Default@2x.png */; };
		F2F773DB180B927F0070EF24 /* icon-60@2x.png in Resources */ = {isa = PBXBuildFile; fileRef = F2F773DA180B927F0070EF24 /* icon-60@2x.png */; };
		F2F773DD180B95370070EF24 /* icon-40@2x.png in Resources */ = {isa = PBXBuildFile; fileRef = F2F773DC180B95370070EF24 /* icon-40@2x.png */; };
		F2F77425180BF51A0070EF24 /* Main_ios6.storyboard in Resources */ = {isa = PBXBuildFile; fileRef = F2F77423180BF51A0070EF24 /* Main_ios6.storyboard */; };
/* End PBXBuildFile section */

/* Begin PBXContainerItemProxy section */
		F21551CE180705380020183B /* PBXContainerItemProxy */ = {
			isa = PBXContainerItemProxy;
			containerPortal = F21551A0180705380020183B /* Project object */;
			proxyType = 1;
			remoteGlobalIDString = F21551A7180705380020183B;
			remoteInfo = badEgg;
		};
/* End PBXContainerItemProxy section */

/* Begin PBXFileReference section */
		F21551A8180705380020183B /* badEgg.app */ = {isa = PBXFileReference; explicitFileType = wrapper.application; includeInIndex = 0; path = badEgg.app; sourceTree = BUILT_PRODUCTS_DIR; };
		F21551AB180705380020183B /* Foundation.framework */ = {isa = PBXFileReference; lastKnownFileType = wrapper.framework; name = Foundation.framework; path = System/Library/Frameworks/Foundation.framework; sourceTree = SDKROOT; };
		F21551AD180705380020183B /* CoreGraphics.framework */ = {isa = PBXFileReference; lastKnownFileType = wrapper.framework; name = CoreGraphics.framework; path = System/Library/Frameworks/CoreGraphics.framework; sourceTree = SDKROOT; };
		F21551AF180705380020183B /* UIKit.framework */ = {isa = PBXFileReference; lastKnownFileType = wrapper.framework; name = UIKit.framework; path = System/Library/Frameworks/UIKit.framework; sourceTree = SDKROOT; };
		F21551B3180705380020183B /* badEgg-Info.plist */ = {isa = PBXFileReference; lastKnownFileType = text.plist.xml; path = "badEgg-Info.plist"; sourceTree = "<group>"; };
		F21551B5180705380020183B /* en */ = {isa = PBXFileReference; lastKnownFileType = text.plist.strings; name = en; path = en.lproj/InfoPlist.strings; sourceTree = "<group>"; };
		F21551B7180705380020183B /* main.m */ = {isa = PBXFileReference; lastKnownFileType = sourcecode.c.objc; path = main.m; sourceTree = "<group>"; };
		F21551B9180705380020183B /* badEgg-Prefix.pch */ = {isa = PBXFileReference; lastKnownFileType = sourcecode.c.h; path = "badEgg-Prefix.pch"; sourceTree = "<group>"; };
		F21551BA180705380020183B /* BEAppDelegate.h */ = {isa = PBXFileReference; lastKnownFileType = sourcecode.c.h; path = BEAppDelegate.h; sourceTree = "<group>"; };
		F21551BB180705380020183B /* BEAppDelegate.m */ = {isa = PBXFileReference; lastKnownFileType = sourcecode.c.objc; path = BEAppDelegate.m; sourceTree = "<group>"; };
		F21551C0180705380020183B /* BEViewController.h */ = {isa = PBXFileReference; lastKnownFileType = sourcecode.c.h; path = BEViewController.h; sourceTree = "<group>"; };
		F21551C1180705380020183B /* BEViewController.m */ = {isa = PBXFileReference; lastKnownFileType = sourcecode.c.objc; path = BEViewController.m; sourceTree = "<group>"; };
		F21551C9180705380020183B /* badEggTests.xctest */ = {isa = PBXFileReference; explicitFileType = wrapper.cfbundle; includeInIndex = 0; path = badEggTests.xctest; sourceTree = BUILT_PRODUCTS_DIR; };
		F21551CA180705380020183B /* XCTest.framework */ = {isa = PBXFileReference; lastKnownFileType = wrapper.framework; name = XCTest.framework; path = Library/Frameworks/XCTest.framework; sourceTree = DEVELOPER_DIR; };
		F21551D2180705380020183B /* badEggTests-Info.plist */ = {isa = PBXFileReference; lastKnownFileType = text.plist.xml; path = "badEggTests-Info.plist"; sourceTree = "<group>"; };
		F21551D4180705380020183B /* en */ = {isa = PBXFileReference; lastKnownFileType = text.plist.strings; name = en; path = en.lproj/InfoPlist.strings; sourceTree = "<group>"; };
		F21551D6180705380020183B /* badEggTests.m */ = {isa = PBXFileReference; lastKnownFileType = sourcecode.c.objc; path = badEggTests.m; sourceTree = "<group>"; };
		F21551F918070BE10020183B /* en */ = {isa = PBXFileReference; lastKnownFileType = file.storyboard; name = en; path = en.lproj/Main_ios5.storyboard; sourceTree = "<group>"; };
		F21551FB18070BE10020183B /* en */ = {isa = PBXFileReference; lastKnownFileType = file.storyboard; name = en; path = en.lproj/Main.storyboard; sourceTree = "<group>"; };
		F22F35361833204700FE96B5 /* BENewsDetailController.h */ = {isa = PBXFileReference; fileEncoding = 4; lastKnownFileType = sourcecode.c.h; path = BENewsDetailController.h; sourceTree = "<group>"; };
		F22F35371833204700FE96B5 /* BENewsDetailController.m */ = {isa = PBXFileReference; fileEncoding = 4; lastKnownFileType = sourcecode.c.objc; path = BENewsDetailController.m; sourceTree = "<group>"; };
		F22F353D1833273700FE96B5 /* DateUtils.h */ = {isa = PBXFileReference; fileEncoding = 4; lastKnownFileType = sourcecode.c.h; path = DateUtils.h; sourceTree = "<group>"; };
		F22F353E1833273700FE96B5 /* DateUtils.m */ = {isa = PBXFileReference; fileEncoding = 4; lastKnownFileType = sourcecode.c.objc; path = DateUtils.m; sourceTree = "<group>"; };
		F22F35401833273E00FE96B5 /* APPUtils.h */ = {isa = PBXFileReference; fileEncoding = 4; lastKnownFileType = sourcecode.c.h; path = APPUtils.h; sourceTree = "<group>"; };
		F22F35411833273E00FE96B5 /* APPUtils.m */ = {isa = PBXFileReference; fileEncoding = 4; lastKnownFileType = sourcecode.c.objc; path = APPUtils.m; sourceTree = "<group>"; };
		F22F35451833304000FE96B5 /* download.png */ = {isa = PBXFileReference; lastKnownFileType = image.png; path = download.png; sourceTree = "<group>"; };
		F22F35461833304000FE96B5 /* downloaded.png */ = {isa = PBXFileReference; lastKnownFileType = image.png; path = downloaded.png; sourceTree = "<group>"; };
		F22F35471833304000FE96B5 /* grid.png */ = {isa = PBXFileReference; lastKnownFileType = image.png; path = grid.png; sourceTree = "<group>"; };
		F22F35481833304000FE96B5 /* introduce@2x.png */ = {isa = PBXFileReference; lastKnownFileType = image.png; path = "introduce@2x.png"; sourceTree = "<group>"; };
		F22F35491833304000FE96B5 /* playing.png */ = {isa = PBXFileReference; lastKnownFileType = image.png; path = playing.png; sourceTree = "<group>"; };
		F22F354F1833327C00FE96B5 /* BEListController.h */ = {isa = PBXFileReference; fileEncoding = 4; lastKnownFileType = sourcecode.c.h; path = BEListController.h; sourceTree = "<group>"; };
		F22F35501833327C00FE96B5 /* BEListController.m */ = {isa = PBXFileReference; fileEncoding = 4; lastKnownFileType = sourcecode.c.objc; path = BEListController.m; sourceTree = "<group>"; };
		F22F35531833339400FE96B5 /* BEListCell.h */ = {isa = PBXFileReference; fileEncoding = 4; lastKnownFileType = sourcecode.c.h; path = BEListCell.h; sourceTree = "<group>"; };
		F22F35541833339400FE96B5 /* BEListCell.m */ = {isa = PBXFileReference; fileEncoding = 4; lastKnownFileType = sourcecode.c.objc; path = BEListCell.m; sourceTree = "<group>"; };
		F22F35561833391300FE96B5 /* DarkBackground.png */ = {isa = PBXFileReference; lastKnownFileType = image.png; path = DarkBackground.png; sourceTree = "<group>"; };
		F22F35571833391300FE96B5 /* LightBackground.png */ = {isa = PBXFileReference; lastKnownFileType = image.png; path = LightBackground.png; sourceTree = "<group>"; };
		F22F355C18333F2400FE96B5 /* setting.png */ = {isa = PBXFileReference; lastKnownFileType = image.png; path = setting.png; sourceTree = "<group>"; };
		F22F355E18333FB100FE96B5 /* BEVIPController.h */ = {isa = PBXFileReference; fileEncoding = 4; lastKnownFileType = sourcecode.c.h; path = BEVIPController.h; sourceTree = "<group>"; };
		F22F355F18333FB100FE96B5 /* BEVIPController.m */ = {isa = PBXFileReference; fileEncoding = 4; lastKnownFileType = sourcecode.c.objc; path = BEVIPController.m; sourceTree = "<group>"; };
		F22F35621833438A00FE96B5 /* navibar641@2x.png */ = {isa = PBXFileReference; lastKnownFileType = image.png; path = "navibar641@2x.png"; sourceTree = "<group>"; };
		F22F3566183345B900FE96B5 /* navibar641.png */ = {isa = PBXFileReference; lastKnownFileType = image.png; path = navibar641.png; sourceTree = "<group>"; };
		F22F35681833462500FE96B5 /* navibar441.png */ = {isa = PBXFileReference; lastKnownFileType = image.png; path = navibar441.png; sourceTree = "<group>"; };
		F22F35691833462500FE96B5 /* navibar441@2x.png */ = {isa = PBXFileReference; lastKnownFileType = image.png; path = "navibar441@2x.png"; sourceTree = "<group>"; };
		F22F356C1833478300FE96B5 /* tablebar.png */ = {isa = PBXFileReference; lastKnownFileType = image.png; path = tablebar.png; sourceTree = "<group>"; };
		F22F356D1833478300FE96B5 /* tablebar@2x.png */ = {isa = PBXFileReference; lastKnownFileType = image.png; path = "tablebar@2x.png"; sourceTree = "<group>"; };
		F22F357118334CE600FE96B5 /* BEMOREController.h */ = {isa = PBXFileReference; fileEncoding = 4; lastKnownFileType = sourcecode.c.h; path = BEMOREController.h; sourceTree = "<group>"; };
		F22F357218334CE600FE96B5 /* BEMOREController.m */ = {isa = PBXFileReference; fileEncoding = 4; lastKnownFileType = sourcecode.c.objc; path = BEMOREController.m; sourceTree = "<group>"; };
		F22F357518334DBF00FE96B5 /* 4grid@2x.png */ = {isa = PBXFileReference; lastKnownFileType = image.png; path = "4grid@2x.png"; sourceTree = "<group>"; };
		F22F357618334DBF00FE96B5 /* feedback.png */ = {isa = PBXFileReference; lastKnownFileType = image.png; path = feedback.png; sourceTree = "<group>"; };
		F22F357718334DBF00FE96B5 /* press.png */ = {isa = PBXFileReference; lastKnownFileType = image.png; path = press.png; sourceTree = "<group>"; };
		F22F357818334DBF00FE96B5 /* send.png */ = {isa = PBXFileReference; lastKnownFileType = image.png; path = send.png; sourceTree = "<group>"; };
		F22F357918334DBF00FE96B5 /* share.png */ = {isa = PBXFileReference; lastKnownFileType = image.png; path = share.png; sourceTree = "<group>"; };
		F22F3580183371A300FE96B5 /* BEIntroController.h */ = {isa = PBXFileReference; fileEncoding = 4; lastKnownFileType = sourcecode.c.h; path = BEIntroController.h; sourceTree = "<group>"; };
		F22F3581183371A300FE96B5 /* BEIntroController.m */ = {isa = PBXFileReference; fileEncoding = 4; lastKnownFileType = sourcecode.c.objc; path = BEIntroController.m; sourceTree = "<group>"; };
		F22F35851833774900FE96B5 /* BESetUpViewController.h */ = {isa = PBXFileReference; fileEncoding = 4; lastKnownFileType = sourcecode.c.h; path = BESetUpViewController.h; sourceTree = "<group>"; };
		F22F35861833774900FE96B5 /* BESetUpViewController.m */ = {isa = PBXFileReference; fileEncoding = 4; lastKnownFileType = sourcecode.c.objc; path = BESetUpViewController.m; sourceTree = "<group>"; };
		F22F358918337C8900FE96B5 /* BELoginController.h */ = {isa = PBXFileReference; fileEncoding = 4; lastKnownFileType = sourcecode.c.h; path = BELoginController.h; sourceTree = "<group>"; };
		F22F358A18337C8900FE96B5 /* BELoginController.m */ = {isa = PBXFileReference; fileEncoding = 4; lastKnownFileType = sourcecode.c.objc; path = BELoginController.m; sourceTree = "<group>"; };
		F22F358C1833801300FE96B5 /* BERegisterController.h */ = {isa = PBXFileReference; fileEncoding = 4; lastKnownFileType = sourcecode.c.h; path = BERegisterController.h; sourceTree = "<group>"; };
		F22F358D1833801300FE96B5 /* BERegisterController.m */ = {isa = PBXFileReference; fileEncoding = 4; lastKnownFileType = sourcecode.c.objc; path = BERegisterController.m; sourceTree = "<group>"; };
		F22F358F1833803600FE96B5 /* BEFPWController.h */ = {isa = PBXFileReference; fileEncoding = 4; lastKnownFileType = sourcecode.c.h; path = BEFPWController.h; sourceTree = "<group>"; };
		F22F35901833803600FE96B5 /* BEFPWController.m */ = {isa = PBXFileReference; fileEncoding = 4; lastKnownFileType = sourcecode.c.objc; path = BEFPWController.m; sourceTree = "<group>"; };
		F253A6DC1844DA5C00C791DE /* readme+afnetworkkit.h */ = {isa = PBXFileReference; lastKnownFileType = sourcecode.c.h; path = "readme+afnetworkkit.h"; sourceTree = "<group>"; };
		F253A7111844DC3300C791DE /* MobileCoreServices.framework */ = {isa = PBXFileReference; lastKnownFileType = wrapper.framework; name = MobileCoreServices.framework; path = System/Library/Frameworks/MobileCoreServices.framework; sourceTree = SDKROOT; };
		F253A7131844DC6500C791DE /* SystemConfiguration.framework */ = {isa = PBXFileReference; lastKnownFileType = wrapper.framework; name = SystemConfiguration.framework; path = System/Library/Frameworks/SystemConfiguration.framework; sourceTree = SDKROOT; };
		F253A7151844DC8000C791DE /* CoreLocation.framework */ = {isa = PBXFileReference; lastKnownFileType = wrapper.framework; name = CoreLocation.framework; path = System/Library/Frameworks/CoreLocation.framework; sourceTree = SDKROOT; };
		F25C549818083E7B0014AFE1 /* Default-568h@2x.png */ = {isa = PBXFileReference; lastKnownFileType = image.png; path = "Default-568h@2x.png"; sourceTree = "<group>"; };
		F25C549E180841890014AFE1 /* Images.xcassets */ = {isa = PBXFileReference; lastKnownFileType = folder.assetcatalog; path = Images.xcassets; sourceTree = "<group>"; };
		F28CDEC81844DCF9004C35AE /* Security.framework */ = {isa = PBXFileReference; lastKnownFileType = wrapper.framework; name = Security.framework; path = System/Library/Frameworks/Security.framework; sourceTree = SDKROOT; };
		F295E4121810236300E154A4 /* background.png */ = {isa = PBXFileReference; lastKnownFileType = image.png; path = background.png; sourceTree = "<group>"; };
		F295E4141810236900E154A4 /* board.png */ = {isa = PBXFileReference; lastKnownFileType = image.png; path = board.png; sourceTree = "<group>"; };
		F295E4161810237600E154A4 /* board2.png */ = {isa = PBXFileReference; lastKnownFileType = image.png; path = board2.png; sourceTree = "<group>"; };
		F295E4181810238100E154A4 /* dot.png */ = {isa = PBXFileReference; lastKnownFileType = image.png; path = dot.png; sourceTree = "<group>"; };
		F295E4191810238100E154A4 /* dot2.png */ = {isa = PBXFileReference; lastKnownFileType = image.png; path = dot2.png; sourceTree = "<group>"; };
		F295E41A1810238100E154A4 /* line.png */ = {isa = PBXFileReference; lastKnownFileType = image.png; path = line.png; sourceTree = "<group>"; };
		F295E41B1810238100E154A4 /* line2.png */ = {isa = PBXFileReference; lastKnownFileType = image.png; path = line2.png; sourceTree = "<group>"; };
		F295E41C1810238100E154A4 /* navibar.png */ = {isa = PBXFileReference; lastKnownFileType = image.png; path = navibar.png; sourceTree = "<group>"; };
		F295E41E1810238100E154A4 /* photo.png */ = {isa = PBXFileReference; lastKnownFileType = image.png; path = photo.png; sourceTree = "<group>"; };
		F295E41F1810238100E154A4 /* select.png */ = {isa = PBXFileReference; lastKnownFileType = image.png; path = select.png; sourceTree = "<group>"; };
		F295E4201810238100E154A4 /* tabbar@2x.png */ = {isa = PBXFileReference; lastKnownFileType = image.png; path = "tabbar@2x.png"; sourceTree = "<group>"; };
		F295E42B181023B200E154A4 /* UIImage+rescale.h */ = {isa = PBXFileReference; fileEncoding = 4; lastKnownFileType = sourcecode.c.h; path = "UIImage+rescale.h"; sourceTree = "<group>"; };
		F295E42C181023B200E154A4 /* UIImage+rescale.m */ = {isa = PBXFileReference; fileEncoding = 4; lastKnownFileType = sourcecode.c.objc; path = "UIImage+rescale.m"; sourceTree = "<group>"; };
		F295E42E181023CD00E154A4 /* QuartzCore.framework */ = {isa = PBXFileReference; lastKnownFileType = wrapper.framework; name = QuartzCore.framework; path = System/Library/Frameworks/QuartzCore.framework; sourceTree = SDKROOT; };
		F295E430181029EF00E154A4 /* navbar44@2x.png */ = {isa = PBXFileReference; lastKnownFileType = image.png; path = "navbar44@2x.png"; sourceTree = "<group>"; };
		F295E43218102A6100E154A4 /* navbar64@2x.png */ = {isa = PBXFileReference; lastKnownFileType = image.png; path = "navbar64@2x.png"; sourceTree = "<group>"; };
		F295E43418102DEB00E154A4 /* navbar_background@2x.png */ = {isa = PBXFileReference; lastKnownFileType = image.png; path = "navbar_background@2x.png"; sourceTree = "<group>"; };
		F295E43618102E3800E154A4 /* top_navigation_background_88@2x.png */ = {isa = PBXFileReference; lastKnownFileType = image.png; path = "top_navigation_background_88@2x.png"; sourceTree = "<group>"; };
		F295E43718102E3800E154A4 /* top_navigation_background@2x.png */ = {isa = PBXFileReference; lastKnownFileType = image.png; path = "top_navigation_background@2x.png"; sourceTree = "<group>"; };
		F295E43A1810334D00E154A4 /* tabbar49@2x.png */ = {isa = PBXFileReference; lastKnownFileType = image.png; path = "tabbar49@2x.png"; sourceTree = "<group>"; };
		F299A5E91839EF6600ACFDC6 /* libxml2.2.dylib */ = {isa = PBXFileReference; lastKnownFileType = "compiled.mach-o.dylib"; name = libxml2.2.dylib; path = usr/lib/libxml2.2.dylib; sourceTree = SDKROOT; };
		F299A5EC1839EFAB00ACFDC6 /* TFHpple.h */ = {isa = PBXFileReference; fileEncoding = 4; lastKnownFileType = sourcecode.c.h; path = TFHpple.h; sourceTree = "<group>"; };
		F299A5ED1839EFAB00ACFDC6 /* TFHpple.m */ = {isa = PBXFileReference; fileEncoding = 4; lastKnownFileType = sourcecode.c.objc; path = TFHpple.m; sourceTree = "<group>"; };
		F299A5EE1839EFAB00ACFDC6 /* TFHppleElement.h */ = {isa = PBXFileReference; fileEncoding = 4; lastKnownFileType = sourcecode.c.h; path = TFHppleElement.h; sourceTree = "<group>"; };
		F299A5EF1839EFAB00ACFDC6 /* TFHppleElement.m */ = {isa = PBXFileReference; fileEncoding = 4; lastKnownFileType = sourcecode.c.objc; path = TFHppleElement.m; sourceTree = "<group>"; };
		F299A5F21839EFBA00ACFDC6 /* XPathQuery.m */ = {isa = PBXFileReference; fileEncoding = 4; lastKnownFileType = sourcecode.c.objc; path = XPathQuery.m; sourceTree = "<group>"; };
		F299A5F31839EFBA00ACFDC6 /* XPathQuery.h */ = {isa = PBXFileReference; fileEncoding = 4; lastKnownFileType = sourcecode.c.h; path = XPathQuery.h; sourceTree = "<group>"; };
		F299A5F51839F4F700ACFDC6 /* test.html */ = {isa = PBXFileReference; fileEncoding = 4; lastKnownFileType = text.html; path = test.html; sourceTree = "<group>"; };
		F2B322061808F28F0008FDBB /* BENewsController.h */ = {isa = PBXFileReference; fileEncoding = 4; lastKnownFileType = sourcecode.c.h; path = BENewsController.h; sourceTree = "<group>"; };
		F2B322071808F28F0008FDBB /* BENewsController.m */ = {isa = PBXFileReference; fileEncoding = 4; lastKnownFileType = sourcecode.c.objc; path = BENewsController.m; sourceTree = "<group>"; };
		F2D42C84183AFCFE00345107 /* BEPraseMusicController.h */ = {isa = PBXFileReference; fileEncoding = 4; lastKnownFileType = sourcecode.c.h; path = BEPraseMusicController.h; sourceTree = "<group>"; };
		F2D42C85183AFCFE00345107 /* BEPraseMusicController.m */ = {isa = PBXFileReference; fileEncoding = 4; lastKnownFileType = sourcecode.c.objc; path = BEPraseMusicController.m; sourceTree = "<group>"; };
		F2E5D8431844E23A001FD033 /* AFHTTPRequestOperation.h */ = {isa = PBXFileReference; fileEncoding = 4; lastKnownFileType = sourcecode.c.h; path = AFHTTPRequestOperation.h; sourceTree = "<group>"; };
		F2E5D8441844E23A001FD033 /* AFHTTPRequestOperation.m */ = {isa = PBXFileReference; fileEncoding = 4; lastKnownFileType = sourcecode.c.objc; path = AFHTTPRequestOperation.m; sourceTree = "<group>"; };
		F2E5D8451844E23A001FD033 /* AFHTTPRequestOperationManager.h */ = {isa = PBXFileReference; fileEncoding = 4; lastKnownFileType = sourcecode.c.h; path = AFHTTPRequestOperationManager.h; sourceTree = "<group>"; };
		F2E5D8461844E23A001FD033 /* AFHTTPRequestOperationManager.m */ = {isa = PBXFileReference; fileEncoding = 4; lastKnownFileType = sourcecode.c.objc; path = AFHTTPRequestOperationManager.m; sourceTree = "<group>"; };
		F2E5D8471844E23A001FD033 /* AFHTTPSessionManager.h */ = {isa = PBXFileReference; fileEncoding = 4; lastKnownFileType = sourcecode.c.h; path = AFHTTPSessionManager.h; sourceTree = "<group>"; };
		F2E5D8481844E23A001FD033 /* AFHTTPSessionManager.m */ = {isa = PBXFileReference; fileEncoding = 4; lastKnownFileType = sourcecode.c.objc; path = AFHTTPSessionManager.m; sourceTree = "<group>"; };
		F2E5D8491844E23A001FD033 /* AFNetworking.h */ = {isa = PBXFileReference; fileEncoding = 4; lastKnownFileType = sourcecode.c.h; path = AFNetworking.h; sourceTree = "<group>"; };
		F2E5D84A1844E23A001FD033 /* AFNetworkReachabilityManager.h */ = {isa = PBXFileReference; fileEncoding = 4; lastKnownFileType = sourcecode.c.h; path = AFNetworkReachabilityManager.h; sourceTree = "<group>"; };
		F2E5D84B1844E23A001FD033 /* AFNetworkReachabilityManager.m */ = {isa = PBXFileReference; fileEncoding = 4; lastKnownFileType = sourcecode.c.objc; path = AFNetworkReachabilityManager.m; sourceTree = "<group>"; };
		F2E5D84C1844E23A001FD033 /* AFSecurityPolicy.h */ = {isa = PBXFileReference; fileEncoding = 4; lastKnownFileType = sourcecode.c.h; path = AFSecurityPolicy.h; sourceTree = "<group>"; };
		F2E5D84D1844E23A001FD033 /* AFSecurityPolicy.m */ = {isa = PBXFileReference; fileEncoding = 4; lastKnownFileType = sourcecode.c.objc; path = AFSecurityPolicy.m; sourceTree = "<group>"; };
		F2E5D84E1844E23A001FD033 /* AFURLConnectionOperation.h */ = {isa = PBXFileReference; fileEncoding = 4; lastKnownFileType = sourcecode.c.h; path = AFURLConnectionOperation.h; sourceTree = "<group>"; };
		F2E5D84F1844E23A001FD033 /* AFURLConnectionOperation.m */ = {isa = PBXFileReference; fileEncoding = 4; lastKnownFileType = sourcecode.c.objc; path = AFURLConnectionOperation.m; sourceTree = "<group>"; };
		F2E5D8501844E23A001FD033 /* AFURLRequestSerialization.h */ = {isa = PBXFileReference; fileEncoding = 4; lastKnownFileType = sourcecode.c.h; path = AFURLRequestSerialization.h; sourceTree = "<group>"; };
		F2E5D8511844E23A001FD033 /* AFURLRequestSerialization.m */ = {isa = PBXFileReference; fileEncoding = 4; lastKnownFileType = sourcecode.c.objc; path = AFURLRequestSerialization.m; sourceTree = "<group>"; };
		F2E5D8521844E23A001FD033 /* AFURLResponseSerialization.h */ = {isa = PBXFileReference; fileEncoding = 4; lastKnownFileType = sourcecode.c.h; path = AFURLResponseSerialization.h; sourceTree = "<group>"; };
		F2E5D8531844E23A001FD033 /* AFURLResponseSerialization.m */ = {isa = PBXFileReference; fileEncoding = 4; lastKnownFileType = sourcecode.c.objc; path = AFURLResponseSerialization.m; sourceTree = "<group>"; };
		F2E5D8541844E23A001FD033 /* AFURLSessionManager.h */ = {isa = PBXFileReference; fileEncoding = 4; lastKnownFileType = sourcecode.c.h; path = AFURLSessionManager.h; sourceTree = "<group>"; };
		F2E5D8551844E23A001FD033 /* AFURLSessionManager.m */ = {isa = PBXFileReference; fileEncoding = 4; lastKnownFileType = sourcecode.c.objc; path = AFURLSessionManager.m; sourceTree = "<group>"; };
		F2E5D8601844E24F001FD033 /* AFNetworkActivityIndicatorManager.h */ = {isa = PBXFileReference; fileEncoding = 4; lastKnownFileType = sourcecode.c.h; path = AFNetworkActivityIndicatorManager.h; sourceTree = "<group>"; };
		F2E5D8611844E24F001FD033 /* AFNetworkActivityIndicatorManager.m */ = {isa = PBXFileReference; fileEncoding = 4; lastKnownFileType = sourcecode.c.objc; path = AFNetworkActivityIndicatorManager.m; sourceTree = "<group>"; };
		F2E5D8621844E24F001FD033 /* UIActivityIndicatorView+AFNetworking.h */ = {isa = PBXFileReference; fileEncoding = 4; lastKnownFileType = sourcecode.c.h; path = "UIActivityIndicatorView+AFNetworking.h"; sourceTree = "<group>"; };
		F2E5D8631844E24F001FD033 /* UIActivityIndicatorView+AFNetworking.m */ = {isa = PBXFileReference; fileEncoding = 4; lastKnownFileType = sourcecode.c.objc; path = "UIActivityIndicatorView+AFNetworking.m"; sourceTree = "<group>"; };
		F2E5D8641844E24F001FD033 /* UIAlertView+AFNetworking.h */ = {isa = PBXFileReference; fileEncoding = 4; lastKnownFileType = sourcecode.c.h; path = "UIAlertView+AFNetworking.h"; sourceTree = "<group>"; };
		F2E5D8651844E24F001FD033 /* UIAlertView+AFNetworking.m */ = {isa = PBXFileReference; fileEncoding = 4; lastKnownFileType = sourcecode.c.objc; path = "UIAlertView+AFNetworking.m"; sourceTree = "<group>"; };
		F2E5D8661844E24F001FD033 /* UIButton+AFNetworking.h */ = {isa = PBXFileReference; fileEncoding = 4; lastKnownFileType = sourcecode.c.h; path = "UIButton+AFNetworking.h"; sourceTree = "<group>"; };
		F2E5D8671844E24F001FD033 /* UIButton+AFNetworking.m */ = {isa = PBXFileReference; fileEncoding = 4; lastKnownFileType = sourcecode.c.objc; path = "UIButton+AFNetworking.m"; sourceTree = "<group>"; };
		F2E5D8681844E24F001FD033 /* UIImageView+AFNetworking.h */ = {isa = PBXFileReference; fileEncoding = 4; lastKnownFileType = sourcecode.c.h; path = "UIImageView+AFNetworking.h"; sourceTree = "<group>"; };
		F2E5D8691844E24F001FD033 /* UIImageView+AFNetworking.m */ = {isa = PBXFileReference; fileEncoding = 4; lastKnownFileType = sourcecode.c.objc; path = "UIImageView+AFNetworking.m"; sourceTree = "<group>"; };
		F2E5D86A1844E24F001FD033 /* UIKit+AFNetworking.h */ = {isa = PBXFileReference; fileEncoding = 4; lastKnownFileType = sourcecode.c.h; path = "UIKit+AFNetworking.h"; sourceTree = "<group>"; };
		F2E5D86B1844E24F001FD033 /* UIProgressView+AFNetworking.h */ = {isa = PBXFileReference; fileEncoding = 4; lastKnownFileType = sourcecode.c.h; path = "UIProgressView+AFNetworking.h"; sourceTree = "<group>"; };
		F2E5D86C1844E24F001FD033 /* UIProgressView+AFNetworking.m */ = {isa = PBXFileReference; fileEncoding = 4; lastKnownFileType = sourcecode.c.objc; path = "UIProgressView+AFNetworking.m"; sourceTree = "<group>"; };
		F2E5D86D1844E24F001FD033 /* UIWebView+AFNetworking.h */ = {isa = PBXFileReference; fileEncoding = 4; lastKnownFileType = sourcecode.c.h; path = "UIWebView+AFNetworking.h"; sourceTree = "<group>"; };
		F2E5D86E1844E24F001FD033 /* UIWebView+AFNetworking.m */ = {isa = PBXFileReference; fileEncoding = 4; lastKnownFileType = sourcecode.c.objc; path = "UIWebView+AFNetworking.m"; sourceTree = "<group>"; };
		F2E5D8771844E550001FD033 /* readme+audiostream.h */ = {isa = PBXFileReference; lastKnownFileType = sourcecode.c.h; path = "readme+audiostream.h"; sourceTree = "<group>"; };
		F2E5D8781844E574001FD033 /* MediaPlayer.framework */ = {isa = PBXFileReference; lastKnownFileType = wrapper.framework; name = MediaPlayer.framework; path = System/Library/Frameworks/MediaPlayer.framework; sourceTree = SDKROOT; };
		F2E5D87A1844E584001FD033 /* CFNetwork.framework */ = {isa = PBXFileReference; lastKnownFileType = wrapper.framework; name = CFNetwork.framework; path = System/Library/Frameworks/CFNetwork.framework; sourceTree = SDKROOT; };
		F2E5D87C1844E58F001FD033 /* AudioToolbox.framework */ = {isa = PBXFileReference; lastKnownFileType = wrapper.framework; name = AudioToolbox.framework; path = System/Library/Frameworks/AudioToolbox.framework; sourceTree = SDKROOT; };
		F2E5D87E1844E5C4001FD033 /* AudioStreamer.h */ = {isa = PBXFileReference; fileEncoding = 4; lastKnownFileType = sourcecode.c.h; path = AudioStreamer.h; sourceTree = "<group>"; };
		F2E5D87F1844E5C4001FD033 /* AudioStreamer.m */ = {isa = PBXFileReference; fileEncoding = 4; lastKnownFileType = sourcecode.c.objc; path = AudioStreamer.m; sourceTree = "<group>"; };
		F2F773CC180B87360070EF24 /* Icon-72.png */ = {isa = PBXFileReference; lastKnownFileType = image.png; path = "Icon-72.png"; sourceTree = "<group>"; };
		F2F773CD180B87360070EF24 /* Icon@2x.png */ = {isa = PBXFileReference; lastKnownFileType = image.png; path = "Icon@2x.png"; sourceTree = "<group>"; };
		F2F773D4180B87E50070EF24 /* Default.png */ = {isa = PBXFileReference; lastKnownFileType = image.png; path = Default.png; sourceTree = "<group>"; };
		F2F773D5180B87E50070EF24 /* Default@2x.png */ = {isa = PBXFileReference; lastKnownFileType = image.png; path = "Default@2x.png"; sourceTree = "<group>"; };
		F2F773DA180B927F0070EF24 /* icon-60@2x.png */ = {isa = PBXFileReference; lastKnownFileType = image.png; path = "icon-60@2x.png"; sourceTree = "<group>"; };
		F2F773DC180B95370070EF24 /* icon-40@2x.png */ = {isa = PBXFileReference; lastKnownFileType = image.png; path = "icon-40@2x.png"; sourceTree = "<group>"; };
		F2F773DF180B98690070EF24 /* utils.h */ = {isa = PBXFileReference; lastKnownFileType = sourcecode.c.h; path = utils.h; sourceTree = "<group>"; };
		F2F77424180BF51A0070EF24 /* en */ = {isa = PBXFileReference; lastKnownFileType = file.storyboard; name = en; path = en.lproj/Main_ios6.storyboard; sourceTree = "<group>"; };
/* End PBXFileReference section */

/* Begin PBXFrameworksBuildPhase section */
		F21551A5180705380020183B /* Frameworks */ = {
			isa = PBXFrameworksBuildPhase;
			buildActionMask = 2147483647;
			files = (
				F2E5D87D1844E58F001FD033 /* AudioToolbox.framework in Frameworks */,
				F2E5D87B1844E584001FD033 /* CFNetwork.framework in Frameworks */,
				F2E5D8791844E574001FD033 /* MediaPlayer.framework in Frameworks */,
				F28CDEC91844DCF9004C35AE /* Security.framework in Frameworks */,
				F253A7161844DC8000C791DE /* CoreLocation.framework in Frameworks */,
				F253A7141844DC6500C791DE /* SystemConfiguration.framework in Frameworks */,
				F253A7121844DC3300C791DE /* MobileCoreServices.framework in Frameworks */,
				F299A5EA1839EF6700ACFDC6 /* libxml2.2.dylib in Frameworks */,
				F295E42F181023CD00E154A4 /* QuartzCore.framework in Frameworks */,
				F21551AE180705380020183B /* CoreGraphics.framework in Frameworks */,
				F21551B0180705380020183B /* UIKit.framework in Frameworks */,
				F21551AC180705380020183B /* Foundation.framework in Frameworks */,
			);
			runOnlyForDeploymentPostprocessing = 0;
		};
		F21551C6180705380020183B /* Frameworks */ = {
			isa = PBXFrameworksBuildPhase;
			buildActionMask = 2147483647;
			files = (
				F21551CB180705380020183B /* XCTest.framework in Frameworks */,
				F21551CD180705380020183B /* UIKit.framework in Frameworks */,
				F21551CC180705380020183B /* Foundation.framework in Frameworks */,
			);
			runOnlyForDeploymentPostprocessing = 0;
		};
/* End PBXFrameworksBuildPhase section */

/* Begin PBXGroup section */
		F215519F180705380020183B = {
			isa = PBXGroup;
			children = (
				F299A5F51839F4F700ACFDC6 /* test.html */,
				F21551B1180705380020183B /* badEgg */,
				F21551D0180705380020183B /* badEggTests */,
				F21551AA180705380020183B /* Frameworks */,
				F21551A9180705380020183B /* Products */,
			);
			sourceTree = "<group>";
		};
		F21551A9180705380020183B /* Products */ = {
			isa = PBXGroup;
			children = (
				F21551A8180705380020183B /* badEgg.app */,
				F21551C9180705380020183B /* badEggTests.xctest */,
			);
			name = Products;
			sourceTree = "<group>";
		};
		F21551AA180705380020183B /* Frameworks */ = {
			isa = PBXGroup;
			children = (
				F299A5E91839EF6600ACFDC6 /* libxml2.2.dylib */,
				F2E5D87C1844E58F001FD033 /* AudioToolbox.framework */,
				F2E5D87A1844E584001FD033 /* CFNetwork.framework */,
				F2E5D8781844E574001FD033 /* MediaPlayer.framework */,
				F28CDEC81844DCF9004C35AE /* Security.framework */,
				F253A7151844DC8000C791DE /* CoreLocation.framework */,
				F253A7131844DC6500C791DE /* SystemConfiguration.framework */,
				F253A7111844DC3300C791DE /* MobileCoreServices.framework */,
				F295E42E181023CD00E154A4 /* QuartzCore.framework */,
				F21551AB180705380020183B /* Foundation.framework */,
				F21551AD180705380020183B /* CoreGraphics.framework */,
				F21551AF180705380020183B /* UIKit.framework */,
				F21551CA180705380020183B /* XCTest.framework */,
			);
			name = Frameworks;
			sourceTree = "<group>";
		};
		F21551B1180705380020183B /* badEgg */ = {
			isa = PBXGroup;
			children = (
				F299A5EB1839EF7100ACFDC6 /* opensource */,
				F2F773DE180B98520070EF24 /* utils */,
				F2B322041808F26C0008FDBB /* UI */,
				F2D42C84183AFCFE00345107 /* BEPraseMusicController.h */,
				F2D42C85183AFCFE00345107 /* BEPraseMusicController.m */,
				F21551BA180705380020183B /* BEAppDelegate.h */,
				F21551BB180705380020183B /* BEAppDelegate.m */,
				F21551C0180705380020183B /* BEViewController.h */,
				F21551C1180705380020183B /* BEViewController.m */,
				F21551B2180705380020183B /* Supporting Files */,
			);
			path = badEgg;
			sourceTree = "<group>";
		};
		F21551B2180705380020183B /* Supporting Files */ = {
			isa = PBXGroup;
			children = (
				F22F35611833437E00FE96B5 /* resource */,
				F21551FA18070BE10020183B /* Main.storyboard */,
				F2F77423180BF51A0070EF24 /* Main_ios6.storyboard */,
				F21551F818070BE10020183B /* Main_ios5.storyboard */,
				F21551B3180705380020183B /* badEgg-Info.plist */,
				F25C549E180841890014AFE1 /* Images.xcassets */,
				F21551B9180705380020183B /* badEgg-Prefix.pch */,
				F2F773DC180B95370070EF24 /* icon-40@2x.png */,
				F2F773DA180B927F0070EF24 /* icon-60@2x.png */,
				F2F773CC180B87360070EF24 /* Icon-72.png */,
				F2F773CD180B87360070EF24 /* Icon@2x.png */,
				F2F773D4180B87E50070EF24 /* Default.png */,
				F2F773D5180B87E50070EF24 /* Default@2x.png */,
				F25C549818083E7B0014AFE1 /* Default-568h@2x.png */,
				F21551B4180705380020183B /* InfoPlist.strings */,
				F21551B7180705380020183B /* main.m */,
			);
			name = "Supporting Files";
			sourceTree = "<group>";
		};
		F21551D0180705380020183B /* badEggTests */ = {
			isa = PBXGroup;
			children = (
				F21551D6180705380020183B /* badEggTests.m */,
				F21551D1180705380020183B /* Supporting Files */,
			);
			path = badEggTests;
			sourceTree = "<group>";
		};
		F21551D1180705380020183B /* Supporting Files */ = {
			isa = PBXGroup;
			children = (
				F21551D2180705380020183B /* badEggTests-Info.plist */,
				F21551D3180705380020183B /* InfoPlist.strings */,
			);
			name = "Supporting Files";
			sourceTree = "<group>";
		};
		F22F35431833302E00FE96B5 /* List */ = {
			isa = PBXGroup;
			children = (
				F22F35521833336E00FE96B5 /* cell */,
				F22F35441833303400FE96B5 /* pic */,
				F22F354F1833327C00FE96B5 /* BEListController.h */,
				F22F35501833327C00FE96B5 /* BEListController.m */,
			);
			name = List;
			sourceTree = "<group>";
		};
		F22F35441833303400FE96B5 /* pic */ = {
			isa = PBXGroup;
			children = (
				F22F35561833391300FE96B5 /* DarkBackground.png */,
				F22F35571833391300FE96B5 /* LightBackground.png */,
				F22F35451833304000FE96B5 /* download.png */,
				F22F35461833304000FE96B5 /* downloaded.png */,
				F22F35471833304000FE96B5 /* grid.png */,
				F22F35481833304000FE96B5 /* introduce@2x.png */,
				F22F35491833304000FE96B5 /* playing.png */,
			);
			name = pic;
			sourceTree = "<group>";
		};
		F22F35521833336E00FE96B5 /* cell */ = {
			isa = PBXGroup;
			children = (
				F22F35531833339400FE96B5 /* BEListCell.h */,
				F22F35541833339400FE96B5 /* BEListCell.m */,
			);
			name = cell;
			sourceTree = "<group>";
		};
		F22F355A18333E7B00FE96B5 /* VIP */ = {
			isa = PBXGroup;
			children = (
				F22F355B18333F1B00FE96B5 /* pic */,
				F22F355E18333FB100FE96B5 /* BEVIPController.h */,
				F22F355F18333FB100FE96B5 /* BEVIPController.m */,
			);
			name = VIP;
			sourceTree = "<group>";
		};
		F22F355B18333F1B00FE96B5 /* pic */ = {
			isa = PBXGroup;
			children = (
				F22F355C18333F2400FE96B5 /* setting.png */,
			);
			name = pic;
			sourceTree = "<group>";
		};
		F22F35611833437E00FE96B5 /* resource */ = {
			isa = PBXGroup;
			children = (
				F22F356C1833478300FE96B5 /* tablebar.png */,
				F22F356D1833478300FE96B5 /* tablebar@2x.png */,
				F22F35681833462500FE96B5 /* navibar441.png */,
				F22F35691833462500FE96B5 /* navibar441@2x.png */,
				F22F3566183345B900FE96B5 /* navibar641.png */,
				F22F35621833438A00FE96B5 /* navibar641@2x.png */,
			);
			name = resource;
			sourceTree = "<group>";
		};
		F22F357018334CCB00FE96B5 /* MORE */ = {
			isa = PBXGroup;
			children = (
				F22F357418334DB600FE96B5 /* pic */,
				F22F357118334CE600FE96B5 /* BEMOREController.h */,
				F22F357218334CE600FE96B5 /* BEMOREController.m */,
				F22F3580183371A300FE96B5 /* BEIntroController.h */,
				F22F3581183371A300FE96B5 /* BEIntroController.m */,
				F22F35851833774900FE96B5 /* BESetUpViewController.h */,
				F22F35861833774900FE96B5 /* BESetUpViewController.m */,
			);
			name = MORE;
			sourceTree = "<group>";
		};
		F22F357418334DB600FE96B5 /* pic */ = {
			isa = PBXGroup;
			children = (
				F22F357518334DBF00FE96B5 /* 4grid@2x.png */,
				F22F357618334DBF00FE96B5 /* feedback.png */,
				F22F357718334DBF00FE96B5 /* press.png */,
				F22F357818334DBF00FE96B5 /* send.png */,
				F22F357918334DBF00FE96B5 /* share.png */,
			);
			name = pic;
			sourceTree = "<group>";
		};
		F22F358818337BD700FE96B5 /* login */ = {
			isa = PBXGroup;
			children = (
				F22F358918337C8900FE96B5 /* BELoginController.h */,
				F22F358A18337C8900FE96B5 /* BELoginController.m */,
				F22F358C1833801300FE96B5 /* BERegisterController.h */,
				F22F358D1833801300FE96B5 /* BERegisterController.m */,
				F22F358F1833803600FE96B5 /* BEFPWController.h */,
				F22F35901833803600FE96B5 /* BEFPWController.m */,
			);
			name = login;
			sourceTree = "<group>";
		};
		F253A6DA1844D9A500C791DE /* hpple */ = {
			isa = PBXGroup;
			children = (
				F299A5F21839EFBA00ACFDC6 /* XPathQuery.m */,
				F299A5F31839EFBA00ACFDC6 /* XPathQuery.h */,
				F299A5EC1839EFAB00ACFDC6 /* TFHpple.h */,
				F299A5ED1839EFAB00ACFDC6 /* TFHpple.m */,
				F299A5EE1839EFAB00ACFDC6 /* TFHppleElement.h */,
				F299A5EF1839EFAB00ACFDC6 /* TFHppleElement.m */,
			);
			name = hpple;
			sourceTree = "<group>";
		};
		F253A6DB1844D9BC00C791DE /* afnetworking */ = {
			isa = PBXGroup;
			children = (
				F253A6DC1844DA5C00C791DE /* readme+afnetworkkit.h */,
				F2E5D8421844E23A001FD033 /* AFNetworking */,
				F2E5D85F1844E24F001FD033 /* UIKit+AFNetworking */,
			);
			name = afnetworking;
			sourceTree = "<group>";
		};
		F295E42A1810238E00E154A4 /* pic */ = {
			isa = PBXGroup;
			children = (
				F295E43A1810334D00E154A4 /* tabbar49@2x.png */,
				F295E43618102E3800E154A4 /* top_navigation_background_88@2x.png */,
				F295E43718102E3800E154A4 /* top_navigation_background@2x.png */,
				F295E43418102DEB00E154A4 /* navbar_background@2x.png */,
				F295E43218102A6100E154A4 /* navbar64@2x.png */,
				F295E430181029EF00E154A4 /* navbar44@2x.png */,
				F295E4121810236300E154A4 /* background.png */,
				F295E4141810236900E154A4 /* board.png */,
				F295E4161810237600E154A4 /* board2.png */,
				F295E4181810238100E154A4 /* dot.png */,
				F295E4191810238100E154A4 /* dot2.png */,
				F295E41A1810238100E154A4 /* line.png */,
				F295E41B1810238100E154A4 /* line2.png */,
				F295E41C1810238100E154A4 /* navibar.png */,
				F295E41E1810238100E154A4 /* photo.png */,
				F295E41F1810238100E154A4 /* select.png */,
				F295E4201810238100E154A4 /* tabbar@2x.png */,
			);
			name = pic;
			sourceTree = "<group>";
		};
		F299A5EB1839EF7100ACFDC6 /* opensource */ = {
			isa = PBXGroup;
			children = (
				F2E5D8761844E524001FD033 /* audioStream */,
				F253A6DB1844D9BC00C791DE /* afnetworking */,
				F253A6DA1844D9A500C791DE /* hpple */,
			);
			name = opensource;
			sourceTree = "<group>";
		};
		F2B322041808F26C0008FDBB /* UI */ = {
			isa = PBXGroup;
			children = (
				F22F358818337BD700FE96B5 /* login */,
				F22F357018334CCB00FE96B5 /* MORE */,
				F22F355A18333E7B00FE96B5 /* VIP */,
				F22F35431833302E00FE96B5 /* List */,
				F2B322051808F2760008FDBB /* news */,
			);
			name = UI;
			sourceTree = "<group>";
		};
		F2B322051808F2760008FDBB /* news */ = {
			isa = PBXGroup;
			children = (
				F295E42A1810238E00E154A4 /* pic */,
				F2B322061808F28F0008FDBB /* BENewsController.h */,
				F2B322071808F28F0008FDBB /* BENewsController.m */,
				F22F35361833204700FE96B5 /* BENewsDetailController.h */,
				F22F35371833204700FE96B5 /* BENewsDetailController.m */,
			);
			name = news;
			sourceTree = "<group>";
		};
		F2E5D8421844E23A001FD033 /* AFNetworking */ = {
			isa = PBXGroup;
			children = (
				F2E5D8491844E23A001FD033 /* AFNetworking.h */,
				F2E5D8431844E23A001FD033 /* AFHTTPRequestOperation.h */,
				F2E5D8441844E23A001FD033 /* AFHTTPRequestOperation.m */,
				F2E5D8451844E23A001FD033 /* AFHTTPRequestOperationManager.h */,
				F2E5D8461844E23A001FD033 /* AFHTTPRequestOperationManager.m */,
				F2E5D8471844E23A001FD033 /* AFHTTPSessionManager.h */,
				F2E5D8481844E23A001FD033 /* AFHTTPSessionManager.m */,
				F2E5D84A1844E23A001FD033 /* AFNetworkReachabilityManager.h */,
				F2E5D84B1844E23A001FD033 /* AFNetworkReachabilityManager.m */,
				F2E5D84C1844E23A001FD033 /* AFSecurityPolicy.h */,
				F2E5D84D1844E23A001FD033 /* AFSecurityPolicy.m */,
				F2E5D84E1844E23A001FD033 /* AFURLConnectionOperation.h */,
				F2E5D84F1844E23A001FD033 /* AFURLConnectionOperation.m */,
				F2E5D8501844E23A001FD033 /* AFURLRequestSerialization.h */,
				F2E5D8511844E23A001FD033 /* AFURLRequestSerialization.m */,
				F2E5D8521844E23A001FD033 /* AFURLResponseSerialization.h */,
				F2E5D8531844E23A001FD033 /* AFURLResponseSerialization.m */,
				F2E5D8541844E23A001FD033 /* AFURLSessionManager.h */,
				F2E5D8551844E23A001FD033 /* AFURLSessionManager.m */,
			);
			path = AFNetworking;
			sourceTree = "<group>";
		};
		F2E5D85F1844E24F001FD033 /* UIKit+AFNetworking */ = {
			isa = PBXGroup;
			children = (
				F2E5D86A1844E24F001FD033 /* UIKit+AFNetworking.h */,
				F2E5D8601844E24F001FD033 /* AFNetworkActivityIndicatorManager.h */,
				F2E5D8611844E24F001FD033 /* AFNetworkActivityIndicatorManager.m */,
				F2E5D8621844E24F001FD033 /* UIActivityIndicatorView+AFNetworking.h */,
				F2E5D8631844E24F001FD033 /* UIActivityIndicatorView+AFNetworking.m */,
				F2E5D8641844E24F001FD033 /* UIAlertView+AFNetworking.h */,
				F2E5D8651844E24F001FD033 /* UIAlertView+AFNetworking.m */,
				F2E5D8661844E24F001FD033 /* UIButton+AFNetworking.h */,
				F2E5D8671844E24F001FD033 /* UIButton+AFNetworking.m */,
				F2E5D8681844E24F001FD033 /* UIImageView+AFNetworking.h */,
				F2E5D8691844E24F001FD033 /* UIImageView+AFNetworking.m */,
				F2E5D86B1844E24F001FD033 /* UIProgressView+AFNetworking.h */,
				F2E5D86C1844E24F001FD033 /* UIProgressView+AFNetworking.m */,
				F2E5D86D1844E24F001FD033 /* UIWebView+AFNetworking.h */,
				F2E5D86E1844E24F001FD033 /* UIWebView+AFNetworking.m */,
			);
			path = "UIKit+AFNetworking";
			sourceTree = "<group>";
		};
		F2E5D8761844E524001FD033 /* audioStream */ = {
			isa = PBXGroup;
			children = (
				F2E5D8771844E550001FD033 /* readme+audiostream.h */,
				F2E5D87E1844E5C4001FD033 /* AudioStreamer.h */,
				F2E5D87F1844E5C4001FD033 /* AudioStreamer.m */,
			);
			name = audioStream;
			sourceTree = "<group>";
		};
		F2F773DE180B98520070EF24 /* utils */ = {
			isa = PBXGroup;
			children = (
				F22F353D1833273700FE96B5 /* DateUtils.h */,
				F22F353E1833273700FE96B5 /* DateUtils.m */,
				F22F35401833273E00FE96B5 /* APPUtils.h */,
				F22F35411833273E00FE96B5 /* APPUtils.m */,
				F295E42B181023B200E154A4 /* UIImage+rescale.h */,
				F295E42C181023B200E154A4 /* UIImage+rescale.m */,
				F2F773DF180B98690070EF24 /* utils.h */,
			);
			name = utils;
			sourceTree = "<group>";
		};
/* End PBXGroup section */

/* Begin PBXNativeTarget section */
		F21551A7180705380020183B /* badEgg */ = {
			isa = PBXNativeTarget;
			buildConfigurationList = F21551DA180705380020183B /* Build configuration list for PBXNativeTarget "badEgg" */;
			buildPhases = (
				F21551A4180705380020183B /* Sources */,
				F21551A5180705380020183B /* Frameworks */,
				F21551A6180705380020183B /* Resources */,
			);
			buildRules = (
			);
			dependencies = (
			);
			name = badEgg;
			productName = badEgg;
			productReference = F21551A8180705380020183B /* badEgg.app */;
			productType = "com.apple.product-type.application";
		};
		F21551C8180705380020183B /* badEggTests */ = {
			isa = PBXNativeTarget;
			buildConfigurationList = F21551DD180705380020183B /* Build configuration list for PBXNativeTarget "badEggTests" */;
			buildPhases = (
				F21551C5180705380020183B /* Sources */,
				F21551C6180705380020183B /* Frameworks */,
				F21551C7180705380020183B /* Resources */,
			);
			buildRules = (
			);
			dependencies = (
				F21551CF180705380020183B /* PBXTargetDependency */,
			);
			name = badEggTests;
			productName = badEggTests;
			productReference = F21551C9180705380020183B /* badEggTests.xctest */;
			productType = "com.apple.product-type.bundle.unit-test";
		};
/* End PBXNativeTarget section */

/* Begin PBXProject section */
		F21551A0180705380020183B /* Project object */ = {
			isa = PBXProject;
			attributes = {
				CLASSPREFIX = BE;
				LastUpgradeCheck = 0500;
				ORGANIZATIONNAME = surekam;
				TargetAttributes = {
					F21551C8180705380020183B = {
						TestTargetID = F21551A7180705380020183B;
					};
				};
			};
			buildConfigurationList = F21551A3180705380020183B /* Build configuration list for PBXProject "badEgg" */;
			compatibilityVersion = "Xcode 3.2";
			developmentRegion = English;
			hasScannedForEncodings = 0;
			knownRegions = (
				en,
				Base,
			);
			mainGroup = F215519F180705380020183B;
			productRefGroup = F21551A9180705380020183B /* Products */;
			projectDirPath = "";
			projectRoot = "";
			targets = (
				F21551A7180705380020183B /* badEgg */,
				F21551C8180705380020183B /* badEggTests */,
			);
		};
/* End PBXProject section */

/* Begin PBXResourcesBuildPhase section */
		F21551A6180705380020183B /* Resources */ = {
			isa = PBXResourcesBuildPhase;
			buildActionMask = 2147483647;
			files = (
				F2F773D7180B87E50070EF24 /* Default.png in Resources */,
				F22F356B1833462500FE96B5 /* navibar441@2x.png in Resources */,
				F22F354B1833304000FE96B5 /* downloaded.png in Resources */,
				F2F77425180BF51A0070EF24 /* Main_ios6.storyboard in Resources */,
				F295E4231810238100E154A4 /* line.png in Resources */,
				F21551FC18070BE10020183B /* Main_ios5.storyboard in Resources */,
				F25C549F180841890014AFE1 /* Images.xcassets in Resources */,
				F295E43518102DEB00E154A4 /* navbar_background@2x.png in Resources */,
				F295E43318102A6100E154A4 /* navbar64@2x.png in Resources */,
				F22F357A18334DBF00FE96B5 /* 4grid@2x.png in Resources */,
				F22F35591833391300FE96B5 /* LightBackground.png in Resources */,
				F22F3567183345B900FE96B5 /* navibar641.png in Resources */,
				F295E4131810236300E154A4 /* background.png in Resources */,
				F295E43818102E3800E154A4 /* top_navigation_background_88@2x.png in Resources */,
				F22F354D1833304000FE96B5 /* introduce@2x.png in Resources */,
				F22F357C18334DBF00FE96B5 /* press.png in Resources */,
				F22F357E18334DBF00FE96B5 /* share.png in Resources */,
				F25C549918083E7B0014AFE1 /* Default-568h@2x.png in Resources */,
				F2F773D3180B87360070EF24 /* Icon@2x.png in Resources */,
				F22F356A1833462500FE96B5 /* navibar441.png in Resources */,
				F2F773D8180B87E50070EF24 /* Default@2x.png in Resources */,
				F295E431181029EF00E154A4 /* navbar44@2x.png in Resources */,
				F22F35581833391300FE96B5 /* DarkBackground.png in Resources */,
				F21551FD18070BE10020183B /* Main.storyboard in Resources */,
				F22F356F1833478300FE96B5 /* tablebar@2x.png in Resources */,
				F295E4291810238100E154A4 /* tabbar@2x.png in Resources */,
				F295E43B1810334D00E154A4 /* tabbar49@2x.png in Resources */,
				F22F356E1833478300FE96B5 /* tablebar.png in Resources */,
				F2F773D2180B87360070EF24 /* Icon-72.png in Resources */,
				F22F357B18334DBF00FE96B5 /* feedback.png in Resources */,
				F295E4241810238100E154A4 /* line2.png in Resources */,
				F295E4251810238100E154A4 /* navibar.png in Resources */,
				F22F354A1833304000FE96B5 /* download.png in Resources */,
				F22F357D18334DBF00FE96B5 /* send.png in Resources */,
				F22F354E1833304000FE96B5 /* playing.png in Resources */,
				F295E4151810236900E154A4 /* board.png in Resources */,
				F295E4281810238100E154A4 /* select.png in Resources */,
				F2F773DB180B927F0070EF24 /* icon-60@2x.png in Resources */,
				F295E4211810238100E154A4 /* dot.png in Resources */,
				F295E4171810237600E154A4 /* board2.png in Resources */,
				F21551B6180705380020183B /* InfoPlist.strings in Resources */,
				F22F354C1833304000FE96B5 /* grid.png in Resources */,
				F295E4221810238100E154A4 /* dot2.png in Resources */,
				F299A5F61839F4F700ACFDC6 /* test.html in Resources */,
				F295E4271810238100E154A4 /* photo.png in Resources */,
				F295E43918102E3800E154A4 /* top_navigation_background@2x.png in Resources */,
				F22F355D18333F2400FE96B5 /* setting.png in Resources */,
				F2F773DD180B95370070EF24 /* icon-40@2x.png in Resources */,
				F22F35631833438A00FE96B5 /* navibar641@2x.png in Resources */,
			);
			runOnlyForDeploymentPostprocessing = 0;
		};
		F21551C7180705380020183B /* Resources */ = {
			isa = PBXResourcesBuildPhase;
			buildActionMask = 2147483647;
			files = (
				F21551D5180705380020183B /* InfoPlist.strings in Resources */,
			);
			runOnlyForDeploymentPostprocessing = 0;
		};
/* End PBXResourcesBuildPhase section */

/* Begin PBXSourcesBuildPhase section */
		F21551A4180705380020183B /* Sources */ = {
			isa = PBXSourcesBuildPhase;
			buildActionMask = 2147483647;
			files = (
				F2E5D8721844E24F001FD033 /* UIButton+AFNetworking.m in Sources */,
				F299A5F11839EFAB00ACFDC6 /* TFHppleElement.m in Sources */,
				F2D42C86183AFCFE00345107 /* BEPraseMusicController.m in Sources */,
				F22F356018333FB100FE96B5 /* BEVIPController.m in Sources */,
				F2E5D8741844E24F001FD033 /* UIProgressView+AFNetworking.m in Sources */,
				F299A5F41839EFBA00ACFDC6 /* XPathQuery.m in Sources */,
				F2E5D85B1844E23A001FD033 /* AFURLConnectionOperation.m in Sources */,
				F22F358E1833801300FE96B5 /* BERegisterController.m in Sources */,
				F21551C2180705380020183B /* BEViewController.m in Sources */,
				F2B322081808F28F0008FDBB /* BENewsController.m in Sources */,
				F22F357318334CE600FE96B5 /* BEMOREController.m in Sources */,
				F22F35911833803600FE96B5 /* BEFPWController.m in Sources */,
				F22F35511833327C00FE96B5 /* BEListController.m in Sources */,
				F2E5D8801844E5C4001FD033 /* AudioStreamer.m in Sources */,
				F2E5D86F1844E24F001FD033 /* AFNetworkActivityIndicatorManager.m in Sources */,
				F2E5D8561844E23A001FD033 /* AFHTTPRequestOperation.m in Sources */,
				F22F35381833204700FE96B5 /* BENewsDetailController.m in Sources */,
				F2E5D8591844E23A001FD033 /* AFNetworkReachabilityManager.m in Sources */,
				F2E5D8711844E24F001FD033 /* UIAlertView+AFNetworking.m in Sources */,
				F22F3582183371A300FE96B5 /* BEIntroController.m in Sources */,
				F2E5D85E1844E23A001FD033 /* AFURLSessionManager.m in Sources */,
				F21551B8180705380020183B /* main.m in Sources */,
				F2E5D8571844E23A001FD033 /* AFHTTPRequestOperationManager.m in Sources */,
				F2E5D8581844E23A001FD033 /* AFHTTPSessionManager.m in Sources */,
				F2E5D8751844E24F001FD033 /* UIWebView+AFNetworking.m in Sources */,
				F22F353F1833273700FE96B5 /* DateUtils.m in Sources */,
				F2E5D85D1844E23A001FD033 /* AFURLResponseSerialization.m in Sources */,
				F2E5D85C1844E23A001FD033 /* AFURLRequestSerialization.m in Sources */,
				F22F358B18337C8900FE96B5 /* BELoginController.m in Sources */,
				F2E5D8731844E24F001FD033 /* UIImageView+AFNetworking.m in Sources */,
				F22F35871833774900FE96B5 /* BESetUpViewController.m in Sources */,
				F299A5F01839EFAB00ACFDC6 /* TFHpple.m in Sources */,
				F295E42D181023B200E154A4 /* UIImage+rescale.m in Sources */,
				F2E5D85A1844E23A001FD033 /* AFSecurityPolicy.m in Sources */,
				F21551BC180705380020183B /* BEAppDelegate.m in Sources */,
				F22F35551833339400FE96B5 /* BEListCell.m in Sources */,
				F2E5D8701844E24F001FD033 /* UIActivityIndicatorView+AFNetworking.m in Sources */,
				F22F35421833273E00FE96B5 /* APPUtils.m in Sources */,
			);
			runOnlyForDeploymentPostprocessing = 0;
		};
		F21551C5180705380020183B /* Sources */ = {
			isa = PBXSourcesBuildPhase;
			buildActionMask = 2147483647;
			files = (
				F21551D7180705380020183B /* badEggTests.m in Sources */,
			);
			runOnlyForDeploymentPostprocessing = 0;
		};
/* End PBXSourcesBuildPhase section */

/* Begin PBXTargetDependency section */
		F21551CF180705380020183B /* PBXTargetDependency */ = {
			isa = PBXTargetDependency;
			target = F21551A7180705380020183B /* badEgg */;
			targetProxy = F21551CE180705380020183B /* PBXContainerItemProxy */;
		};
/* End PBXTargetDependency section */

/* Begin PBXVariantGroup section */
		F21551B4180705380020183B /* InfoPlist.strings */ = {
			isa = PBXVariantGroup;
			children = (
				F21551B5180705380020183B /* en */,
			);
			name = InfoPlist.strings;
			sourceTree = "<group>";
		};
		F21551D3180705380020183B /* InfoPlist.strings */ = {
			isa = PBXVariantGroup;
			children = (
				F21551D4180705380020183B /* en */,
			);
			name = InfoPlist.strings;
			sourceTree = "<group>";
		};
		F21551F818070BE10020183B /* Main_ios5.storyboard */ = {
			isa = PBXVariantGroup;
			children = (
				F21551F918070BE10020183B /* en */,
			);
			name = Main_ios5.storyboard;
			sourceTree = "<group>";
		};
		F21551FA18070BE10020183B /* Main.storyboard */ = {
			isa = PBXVariantGroup;
			children = (
				F21551FB18070BE10020183B /* en */,
			);
			name = Main.storyboard;
			sourceTree = "<group>";
		};
		F2F77423180BF51A0070EF24 /* Main_ios6.storyboard */ = {
			isa = PBXVariantGroup;
			children = (
				F2F77424180BF51A0070EF24 /* en */,
			);
			name = Main_ios6.storyboard;
			sourceTree = "<group>";
		};
/* End PBXVariantGroup section */

/* Begin XCBuildConfiguration section */
		F21551D8180705380020183B /* Debug */ = {
			isa = XCBuildConfiguration;
			buildSettings = {
				ALWAYS_SEARCH_USER_PATHS = NO;
				ARCHS = "$(ARCHS_STANDARD_INCLUDING_64_BIT)";
				CLANG_CXX_LANGUAGE_STANDARD = "gnu++0x";
				CLANG_CXX_LIBRARY = "libc++";
				CLANG_ENABLE_MODULES = YES;
				CLANG_ENABLE_OBJC_ARC = YES;
				CLANG_WARN_BOOL_CONVERSION = YES;
				CLANG_WARN_CONSTANT_CONVERSION = YES;
				CLANG_WARN_DIRECT_OBJC_ISA_USAGE = YES_ERROR;
				CLANG_WARN_EMPTY_BODY = YES;
				CLANG_WARN_ENUM_CONVERSION = YES;
				CLANG_WARN_INT_CONVERSION = YES;
				CLANG_WARN_OBJC_ROOT_CLASS = YES_ERROR;
				CLANG_WARN__DUPLICATE_METHOD_MATCH = YES;
				"CODE_SIGN_IDENTITY[sdk=iphoneos*]" = "iPhone Developer";
				COPY_PHASE_STRIP = NO;
				GCC_C_LANGUAGE_STANDARD = gnu99;
				GCC_DYNAMIC_NO_PIC = NO;
				GCC_OPTIMIZATION_LEVEL = 0;
				GCC_PREPROCESSOR_DEFINITIONS = (
					"DEBUG=1",
					"$(inherited)",
				);
				GCC_SYMBOLS_PRIVATE_EXTERN = NO;
				GCC_WARN_64_TO_32_BIT_CONVERSION = YES;
				GCC_WARN_ABOUT_RETURN_TYPE = YES_ERROR;
				GCC_WARN_UNDECLARED_SELECTOR = YES;
				GCC_WARN_UNINITIALIZED_AUTOS = YES;
				GCC_WARN_UNUSED_FUNCTION = YES;
				GCC_WARN_UNUSED_VARIABLE = YES;
				IPHONEOS_DEPLOYMENT_TARGET = 6.0;
				ONLY_ACTIVE_ARCH = YES;
				SDKROOT = iphoneos;
			};
			name = Debug;
		};
		F21551D9180705380020183B /* Release */ = {
			isa = XCBuildConfiguration;
			buildSettings = {
				ALWAYS_SEARCH_USER_PATHS = NO;
				ARCHS = "$(ARCHS_STANDARD_INCLUDING_64_BIT)";
				CLANG_CXX_LANGUAGE_STANDARD = "gnu++0x";
				CLANG_CXX_LIBRARY = "libc++";
				CLANG_ENABLE_MODULES = YES;
				CLANG_ENABLE_OBJC_ARC = YES;
				CLANG_WARN_BOOL_CONVERSION = YES;
				CLANG_WARN_CONSTANT_CONVERSION = YES;
				CLANG_WARN_DIRECT_OBJC_ISA_USAGE = YES_ERROR;
				CLANG_WARN_EMPTY_BODY = YES;
				CLANG_WARN_ENUM_CONVERSION = YES;
				CLANG_WARN_INT_CONVERSION = YES;
				CLANG_WARN_OBJC_ROOT_CLASS = YES_ERROR;
				CLANG_WARN__DUPLICATE_METHOD_MATCH = YES;
				"CODE_SIGN_IDENTITY[sdk=iphoneos*]" = "iPhone Developer";
				COPY_PHASE_STRIP = YES;
				ENABLE_NS_ASSERTIONS = NO;
				GCC_C_LANGUAGE_STANDARD = gnu99;
				GCC_WARN_64_TO_32_BIT_CONVERSION = YES;
				GCC_WARN_ABOUT_RETURN_TYPE = YES_ERROR;
				GCC_WARN_UNDECLARED_SELECTOR = YES;
				GCC_WARN_UNINITIALIZED_AUTOS = YES;
				GCC_WARN_UNUSED_FUNCTION = YES;
				GCC_WARN_UNUSED_VARIABLE = YES;
				IPHONEOS_DEPLOYMENT_TARGET = 6.0;
				SDKROOT = iphoneos;
				VALIDATE_PRODUCT = YES;
			};
			name = Release;
		};
		F21551DB180705380020183B /* Debug */ = {
			isa = XCBuildConfiguration;
			buildSettings = {
				ASSETCATALOG_COMPILER_APPICON_NAME = AppIcon;
				ASSETCATALOG_COMPILER_LAUNCHIMAGE_NAME = LaunchImage;
				GCC_PRECOMPILE_PREFIX_HEADER = YES;
				GCC_PREFIX_HEADER = "badEgg/badEgg-Prefix.pch";
				HEADER_SEARCH_PATHS = (
					"$(inherited)",
					/Applications/Xcode5.0.1.app/Contents/Developer/Toolchains/XcodeDefault.xctoolchain/usr/include,
					/usr/include/libxml2,
				);
				INFOPLIST_FILE = "badEgg/badEgg-Info.plist";
				PRODUCT_NAME = "$(TARGET_NAME)";
				WRAPPER_EXTENSION = app;
			};
			name = Debug;
		};
		F21551DC180705380020183B /* Release */ = {
			isa = XCBuildConfiguration;
			buildSettings = {
				ASSETCATALOG_COMPILER_APPICON_NAME = AppIcon;
				ASSETCATALOG_COMPILER_LAUNCHIMAGE_NAME = LaunchImage;
				GCC_PRECOMPILE_PREFIX_HEADER = YES;
				GCC_PREFIX_HEADER = "badEgg/badEgg-Prefix.pch";
				HEADER_SEARCH_PATHS = (
					"$(inherited)",
					/Applications/Xcode5.0.1.app/Contents/Developer/Toolchains/XcodeDefault.xctoolchain/usr/include,
					/usr/include/libxml2,
				);
				INFOPLIST_FILE = "badEgg/badEgg-Info.plist";
				PRODUCT_NAME = "$(TARGET_NAME)";
				WRAPPER_EXTENSION = app;
			};
			name = Release;
		};
		F21551DE180705380020183B /* Debug */ = {
			isa = XCBuildConfiguration;
			buildSettings = {
				ARCHS = "$(ARCHS_STANDARD_INCLUDING_64_BIT)";
				BUNDLE_LOADER = "$(BUILT_PRODUCTS_DIR)/badEgg.app/badEgg";
				FRAMEWORK_SEARCH_PATHS = (
					"$(SDKROOT)/Developer/Library/Frameworks",
					"$(inherited)",
					"$(DEVELOPER_FRAMEWORKS_DIR)",
				);
				GCC_PRECOMPILE_PREFIX_HEADER = YES;
				GCC_PREFIX_HEADER = "badEgg/badEgg-Prefix.pch";
				GCC_PREPROCESSOR_DEFINITIONS = (
					"DEBUG=1",
					"$(inherited)",
				);
				INFOPLIST_FILE = "badEggTests/badEggTests-Info.plist";
				PRODUCT_NAME = "$(TARGET_NAME)";
				TEST_HOST = "$(BUNDLE_LOADER)";
				WRAPPER_EXTENSION = xctest;
			};
			name = Debug;
		};
		F21551DF180705380020183B /* Release */ = {
			isa = XCBuildConfiguration;
			buildSettings = {
				ARCHS = "$(ARCHS_STANDARD_INCLUDING_64_BIT)";
				BUNDLE_LOADER = "$(BUILT_PRODUCTS_DIR)/badEgg.app/badEgg";
				FRAMEWORK_SEARCH_PATHS = (
					"$(SDKROOT)/Developer/Library/Frameworks",
					"$(inherited)",
					"$(DEVELOPER_FRAMEWORKS_DIR)",
				);
				GCC_PRECOMPILE_PREFIX_HEADER = YES;
				GCC_PREFIX_HEADER = "badEgg/badEgg-Prefix.pch";
				INFOPLIST_FILE = "badEggTests/badEggTests-Info.plist";
				PRODUCT_NAME = "$(TARGET_NAME)";
				TEST_HOST = "$(BUNDLE_LOADER)";
				WRAPPER_EXTENSION = xctest;
			};
			name = Release;
		};
/* End XCBuildConfiguration section */

/* Begin XCConfigurationList section */
		F21551A3180705380020183B /* Build configuration list for PBXProject "badEgg" */ = {
			isa = XCConfigurationList;
			buildConfigurations = (
				F21551D8180705380020183B /* Debug */,
				F21551D9180705380020183B /* Release */,
			);
			defaultConfigurationIsVisible = 0;
			defaultConfigurationName = Release;
		};
		F21551DA180705380020183B /* Build configuration list for PBXNativeTarget "badEgg" */ = {
			isa = XCConfigurationList;
			buildConfigurations = (
				F21551DB180705380020183B /* Debug */,
				F21551DC180705380020183B /* Release */,
			);
			defaultConfigurationIsVisible = 0;
			defaultConfigurationName = Release;
		};
		F21551DD180705380020183B /* Build configuration list for PBXNativeTarget "badEggTests" */ = {
			isa = XCConfigurationList;
			buildConfigurations = (
				F21551DE180705380020183B /* Debug */,
				F21551DF180705380020183B /* Release */,
			);
			defaultConfigurationIsVisible = 0;
			defaultConfigurationName = Release;
		};
/* End XCConfigurationList section */
	};
	rootObject = F21551A0180705380020183B /* Project object */;
}
