// !$*UTF8*$!
{
	archiveVersion = 1;
	classes = {
	};
	objectVersion = 46;
	objects = {

/* Begin PBXBuildFile section */
		F21551AC180705380020183B /* Foundation.framework in Frameworks */ = {isa = PBXBuildFile; fileRef = F21551AB180705380020183B /* Foundation.framework */; };
		F21551AE180705380020183B /* CoreGraphics.framework in Frameworks */ = {isa = PBXBuildFile; fileRef = F21551AD180705380020183B /* CoreGraphics.framework */; };
		F21551B0180705380020183B /* UIKit.framework in Frameworks */ = {isa = PBXBuildFile; fileRef = F21551AF180705380020183B /* UIKit.framework */; };
		F21551B6180705380020183B /* InfoPlist.strings in Resources */ = {isa = PBXBuildFile; fileRef = F21551B4180705380020183B /* InfoPlist.strings */; };
		F21551B8180705380020183B /* main.m in Sources */ = {isa = PBXBuildFile; fileRef = F21551B7180705380020183B /* main.m */; };
		F21551BC180705380020183B /* BEAppDelegate.m in Sources */ = {isa = PBXBuildFile; fileRef = F21551BB180705380020183B /* BEAppDelegate.m */; };
		F21551C2180705380020183B /* BEViewController.m in Sources */ = {isa = PBXBuildFile; fileRef = F21551C1180705380020183B /* BEViewController.m */; };
		F21551CB180705380020183B /* XCTest.framework in Frameworks */ = {isa = PBXBuildFile; fileRef = F21551CA180705380020183B /* XCTest.framework */; };
		F21551CC180705380020183B /* Foundation.framework in Frameworks */ = {isa = PBXBuildFile; fileRef = F21551AB180705380020183B /* Foundation.framework */; };
		F21551CD180705380020183B /* UIKit.framework in Frameworks */ = {isa = PBXBuildFile; fileRef = F21551AF180705380020183B /* UIKit.framework */; };
		F21551D5180705380020183B /* InfoPlist.strings in Resources */ = {isa = PBXBuildFile; fileRef = F21551D3180705380020183B /* InfoPlist.strings */; };
		F21551D7180705380020183B /* badEggTests.m in Sources */ = {isa = PBXBuildFile; fileRef = F21551D6180705380020183B /* badEggTests.m */; };
		F21551FC18070BE10020183B /* Main_ios5.storyboard in Resources */ = {isa = PBXBuildFile; fileRef = F21551F818070BE10020183B /* Main_ios5.storyboard */; };
		F21551FD18070BE10020183B /* Main.storyboard in Resources */ = {isa = PBXBuildFile; fileRef = F21551FA18070BE10020183B /* Main.storyboard */; };
		F22F35381833204700FE96B5 /* BENewsDetailController.m in Sources */ = {isa = PBXBuildFile; fileRef = F22F35371833204700FE96B5 /* BENewsDetailController.m */; };
		F22F353A1833258300FE96B5 /* date.png in Resources */ = {isa = PBXBuildFile; fileRef = F22F35391833258300FE96B5 /* date.png */; };
		F22F353C183325B100FE96B5 /* text.png in Resources */ = {isa = PBXBuildFile; fileRef = F22F353B183325B100FE96B5 /* text.png */; };
		F22F353F1833273700FE96B5 /* DateUtils.m in Sources */ = {isa = PBXBuildFile; fileRef = F22F353E1833273700FE96B5 /* DateUtils.m */; };
		F22F35421833273E00FE96B5 /* APPUtils.m in Sources */ = {isa = PBXBuildFile; fileRef = F22F35411833273E00FE96B5 /* APPUtils.m */; };
		F22F354A1833304000FE96B5 /* download.png in Resources */ = {isa = PBXBuildFile; fileRef = F22F35451833304000FE96B5 /* download.png */; };
		F22F354B1833304000FE96B5 /* downloaded.png in Resources */ = {isa = PBXBuildFile; fileRef = F22F35461833304000FE96B5 /* downloaded.png */; };
		F22F354C1833304000FE96B5 /* grid.png in Resources */ = {isa = PBXBuildFile; fileRef = F22F35471833304000FE96B5 /* grid.png */; };
		F22F354D1833304000FE96B5 /* introduce@2x.png in Resources */ = {isa = PBXBuildFile; fileRef = F22F35481833304000FE96B5 /* introduce@2x.png */; };
		F22F354E1833304000FE96B5 /* playing.png in Resources */ = {isa = PBXBuildFile; fileRef = F22F35491833304000FE96B5 /* playing.png */; };
		F22F35511833327C00FE96B5 /* BEListController.m in Sources */ = {isa = PBXBuildFile; fileRef = F22F35501833327C00FE96B5 /* BEListController.m */; };
		F22F35551833339400FE96B5 /* BEListCell.m in Sources */ = {isa = PBXBuildFile; fileRef = F22F35541833339400FE96B5 /* BEListCell.m */; };
		F22F35581833391300FE96B5 /* DarkBackground.png in Resources */ = {isa = PBXBuildFile; fileRef = F22F35561833391300FE96B5 /* DarkBackground.png */; };
		F22F35591833391300FE96B5 /* LightBackground.png in Resources */ = {isa = PBXBuildFile; fileRef = F22F35571833391300FE96B5 /* LightBackground.png */; };
		F22F355D18333F2400FE96B5 /* setting.png in Resources */ = {isa = PBXBuildFile; fileRef = F22F355C18333F2400FE96B5 /* setting.png */; };
		F22F356018333FB100FE96B5 /* BEVIPController.m in Sources */ = {isa = PBXBuildFile; fileRef = F22F355F18333FB100FE96B5 /* BEVIPController.m */; };
		F22F35631833438A00FE96B5 /* navibar641@2x.png in Resources */ = {isa = PBXBuildFile; fileRef = F22F35621833438A00FE96B5 /* navibar641@2x.png */; };
		F22F3567183345B900FE96B5 /* navibar641.png in Resources */ = {isa = PBXBuildFile; fileRef = F22F3566183345B900FE96B5 /* navibar641.png */; };
		F22F356A1833462500FE96B5 /* navibar441.png in Resources */ = {isa = PBXBuildFile; fileRef = F22F35681833462500FE96B5 /* navibar441.png */; };
		F22F356B1833462500FE96B5 /* navibar441@2x.png in Resources */ = {isa = PBXBuildFile; fileRef = F22F35691833462500FE96B5 /* navibar441@2x.png */; };
		F22F356E1833478300FE96B5 /* tablebar.png in Resources */ = {isa = PBXBuildFile; fileRef = F22F356C1833478300FE96B5 /* tablebar.png */; };
		F22F356F1833478300FE96B5 /* tablebar@2x.png in Resources */ = {isa = PBXBuildFile; fileRef = F22F356D1833478300FE96B5 /* tablebar@2x.png */; };
		F25C549918083E7B0014AFE1 /* Default-568h@2x.png in Resources */ = {isa = PBXBuildFile; fileRef = F25C549818083E7B0014AFE1 /* Default-568h@2x.png */; };
		F25C549F180841890014AFE1 /* Images.xcassets in Resources */ = {isa = PBXBuildFile; fileRef = F25C549E180841890014AFE1 /* Images.xcassets */; };
		F295E4131810236300E154A4 /* background.png in Resources */ = {isa = PBXBuildFile; fileRef = F295E4121810236300E154A4 /* background.png */; };
		F295E4151810236900E154A4 /* board.png in Resources */ = {isa = PBXBuildFile; fileRef = F295E4141810236900E154A4 /* board.png */; };
		F295E4171810237600E154A4 /* board2.png in Resources */ = {isa = PBXBuildFile; fileRef = F295E4161810237600E154A4 /* board2.png */; };
		F295E4211810238100E154A4 /* dot.png in Resources */ = {isa = PBXBuildFile; fileRef = F295E4181810238100E154A4 /* dot.png */; };
		F295E4221810238100E154A4 /* dot2.png in Resources */ = {isa = PBXBuildFile; fileRef = F295E4191810238100E154A4 /* dot2.png */; };
		F295E4231810238100E154A4 /* line.png in Resources */ = {isa = PBXBuildFile; fileRef = F295E41A1810238100E154A4 /* line.png */; };
		F295E4241810238100E154A4 /* line2.png in Resources */ = {isa = PBXBuildFile; fileRef = F295E41B1810238100E154A4 /* line2.png */; };
		F295E4251810238100E154A4 /* navibar.png in Resources */ = {isa = PBXBuildFile; fileRef = F295E41C1810238100E154A4 /* navibar.png */; };
		F295E4271810238100E154A4 /* photo.png in Resources */ = {isa = PBXBuildFile; fileRef = F295E41E1810238100E154A4 /* photo.png */; };
		F295E4281810238100E154A4 /* select.png in Resources */ = {isa = PBXBuildFile; fileRef = F295E41F1810238100E154A4 /* select.png */; };
		F295E4291810238100E154A4 /* tabbar@2x.png in Resources */ = {isa = PBXBuildFile; fileRef = F295E4201810238100E154A4 /* tabbar@2x.png */; };
		F295E42D181023B200E154A4 /* UIImage+rescale.m in Sources */ = {isa = PBXBuildFile; fileRef = F295E42C181023B200E154A4 /* UIImage+rescale.m */; };
		F295E42F181023CD00E154A4 /* QuartzCore.framework in Frameworks */ = {isa = PBXBuildFile; fileRef = F295E42E181023CD00E154A4 /* QuartzCore.framework */; };
		F295E431181029EF00E154A4 /* navbar44@2x.png in Resources */ = {isa = PBXBuildFile; fileRef = F295E430181029EF00E154A4 /* navbar44@2x.png */; };
		F295E43318102A6100E154A4 /* navbar64@2x.png in Resources */ = {isa = PBXBuildFile; fileRef = F295E43218102A6100E154A4 /* navbar64@2x.png */; };
		F295E43518102DEB00E154A4 /* navbar_background@2x.png in Resources */ = {isa = PBXBuildFile; fileRef = F295E43418102DEB00E154A4 /* navbar_background@2x.png */; };
		F295E43818102E3800E154A4 /* top_navigation_background_88@2x.png in Resources */ = {isa = PBXBuildFile; fileRef = F295E43618102E3800E154A4 /* top_navigation_background_88@2x.png */; };
		F295E43918102E3800E154A4 /* top_navigation_background@2x.png in Resources */ = {isa = PBXBuildFile; fileRef = F295E43718102E3800E154A4 /* top_navigation_background@2x.png */; };
		F295E43B1810334D00E154A4 /* tabbar49@2x.png in Resources */ = {isa = PBXBuildFile; fileRef = F295E43A1810334D00E154A4 /* tabbar49@2x.png */; };
		F2B322081808F28F0008FDBB /* BENewsController.m in Sources */ = {isa = PBXBuildFile; fileRef = F2B322071808F28F0008FDBB /* BENewsController.m */; };
		F2F773CE180B87360070EF24 /* Icon-Small.png in Resources */ = {isa = PBXBuildFile; fileRef = F2F773C8180B87360070EF24 /* Icon-Small.png */; };
		F2F773CF180B87360070EF24 /* Icon-Small-50.png in Resources */ = {isa = PBXBuildFile; fileRef = F2F773C9180B87360070EF24 /* Icon-Small-50.png */; };
		F2F773D0180B87360070EF24 /* icon.png in Resources */ = {isa = PBXBuildFile; fileRef = F2F773CA180B87360070EF24 /* icon.png */; };
		F2F773D1180B87360070EF24 /* Icon-Small@2x.png in Resources */ = {isa = PBXBuildFile; fileRef = F2F773CB180B87360070EF24 /* Icon-Small@2x.png */; };
		F2F773D2180B87360070EF24 /* Icon-72.png in Resources */ = {isa = PBXBuildFile; fileRef = F2F773CC180B87360070EF24 /* Icon-72.png */; };
		F2F773D3180B87360070EF24 /* Icon@2x.png in Resources */ = {isa = PBXBuildFile; fileRef = F2F773CD180B87360070EF24 /* Icon@2x.png */; };
		F2F773D7180B87E50070EF24 /* Default.png in Resources */ = {isa = PBXBuildFile; fileRef = F2F773D4180B87E50070EF24 /* Default.png */; };
		F2F773D8180B87E50070EF24 /* Default@2x.png in Resources */ = {isa = PBXBuildFile; fileRef = F2F773D5180B87E50070EF24 /* Default@2x.png */; };
		F2F773DB180B927F0070EF24 /* icon-60@2x.png in Resources */ = {isa = PBXBuildFile; fileRef = F2F773DA180B927F0070EF24 /* icon-60@2x.png */; };
		F2F773DD180B95370070EF24 /* icon-40@2x.png in Resources */ = {isa = PBXBuildFile; fileRef = F2F773DC180B95370070EF24 /* icon-40@2x.png */; };
		F2F77425180BF51A0070EF24 /* Main_ios6.storyboard in Resources */ = {isa = PBXBuildFile; fileRef = F2F77423180BF51A0070EF24 /* Main_ios6.storyboard */; };
/* End PBXBuildFile section */

/* Begin PBXContainerItemProxy section */
		F21551CE180705380020183B /* PBXContainerItemProxy */ = {
			isa = PBXContainerItemProxy;
			containerPortal = F21551A0180705380020183B /* Project object */;
			proxyType = 1;
			remoteGlobalIDString = F21551A7180705380020183B;
			remoteInfo = badEgg;
		};
/* End PBXContainerItemProxy section */

/* Begin PBXFileReference section */
		F21551A8180705380020183B /* badEgg.app */ = {isa = PBXFileReference; explicitFileType = wrapper.application; includeInIndex = 0; path = badEgg.app; sourceTree = BUILT_PRODUCTS_DIR; };
		F21551AB180705380020183B /* Foundation.framework */ = {isa = PBXFileReference; lastKnownFileType = wrapper.framework; name = Foundation.framework; path = System/Library/Frameworks/Foundation.framework; sourceTree = SDKROOT; };
		F21551AD180705380020183B /* CoreGraphics.framework */ = {isa = PBXFileReference; lastKnownFileType = wrapper.framework; name = CoreGraphics.framework; path = System/Library/Frameworks/CoreGraphics.framework; sourceTree = SDKROOT; };
		F21551AF180705380020183B /* UIKit.framework */ = {isa = PBXFileReference; lastKnownFileType = wrapper.framework; name = UIKit.framework; path = System/Library/Frameworks/UIKit.framework; sourceTree = SDKROOT; };
		F21551B3180705380020183B /* badEgg-Info.plist */ = {isa = PBXFileReference; lastKnownFileType = text.plist.xml; path = "badEgg-Info.plist"; sourceTree = "<group>"; };
		F21551B5180705380020183B /* en */ = {isa = PBXFileReference; lastKnownFileType = text.plist.strings; name = en; path = en.lproj/InfoPlist.strings; sourceTree = "<group>"; };
		F21551B7180705380020183B /* main.m */ = {isa = PBXFileReference; lastKnownFileType = sourcecode.c.objc; path = main.m; sourceTree = "<group>"; };
		F21551B9180705380020183B /* badEgg-Prefix.pch */ = {isa = PBXFileReference; lastKnownFileType = sourcecode.c.h; path = "badEgg-Prefix.pch"; sourceTree = "<group>"; };
		F21551BA180705380020183B /* BEAppDelegate.h */ = {isa = PBXFileReference; lastKnownFileType = sourcecode.c.h; path = BEAppDelegate.h; sourceTree = "<group>"; };
		F21551BB180705380020183B /* BEAppDelegate.m */ = {isa = PBXFileReference; lastKnownFileType = sourcecode.c.objc; path = BEAppDelegate.m; sourceTree = "<group>"; };
		F21551C0180705380020183B /* BEViewController.h */ = {isa = PBXFileReference; lastKnownFileType = sourcecode.c.h; path = BEViewController.h; sourceTree = "<group>"; };
		F21551C1180705380020183B /* BEViewController.m */ = {isa = PBXFileReference; lastKnownFileType = sourcecode.c.objc; path = BEViewController.m; sourceTree = "<group>"; };
		F21551C9180705380020183B /* badEggTests.xctest */ = {isa = PBXFileReference; explicitFileType = wrapper.cfbundle; includeInIndex = 0; path = badEggTests.xctest; sourceTree = BUILT_PRODUCTS_DIR; };
		F21551CA180705380020183B /* XCTest.framework */ = {isa = PBXFileReference; lastKnownFileType = wrapper.framework; name = XCTest.framework; path = Library/Frameworks/XCTest.framework; sourceTree = DEVELOPER_DIR; };
		F21551D2180705380020183B /* badEggTests-Info.plist */ = {isa = PBXFileReference; lastKnownFileType = text.plist.xml; path = "badEggTests-Info.plist"; sourceTree = "<group>"; };
		F21551D4180705380020183B /* en */ = {isa = PBXFileReference; lastKnownFileType = text.plist.strings; name = en; path = en.lproj/InfoPlist.strings; sourceTree = "<group>"; };
		F21551D6180705380020183B /* badEggTests.m */ = {isa = PBXFileReference; lastKnownFileType = sourcecode.c.objc; path = badEggTests.m; sourceTree = "<group>"; };
		F21551F918070BE10020183B /* en */ = {isa = PBXFileReference; lastKnownFileType = file.storyboard; name = en; path = en.lproj/Main_ios5.storyboard; sourceTree = "<group>"; };
		F21551FB18070BE10020183B /* en */ = {isa = PBXFileReference; lastKnownFileType = file.storyboard; name = en; path = en.lproj/Main.storyboard; sourceTree = "<group>"; };
		F22F35361833204700FE96B5 /* BENewsDetailController.h */ = {isa = PBXFileReference; fileEncoding = 4; lastKnownFileType = sourcecode.c.h; path = BENewsDetailController.h; sourceTree = "<group>"; };
		F22F35371833204700FE96B5 /* BENewsDetailController.m */ = {isa = PBXFileReference; fileEncoding = 4; lastKnownFileType = sourcecode.c.objc; path = BENewsDetailController.m; sourceTree = "<group>"; };
		F22F35391833258300FE96B5 /* date.png */ = {isa = PBXFileReference; lastKnownFileType = image.png; path = date.png; sourceTree = "<group>"; };
		F22F353B183325B100FE96B5 /* text.png */ = {isa = PBXFileReference; lastKnownFileType = image.png; path = text.png; sourceTree = "<group>"; };
		F22F353D1833273700FE96B5 /* DateUtils.h */ = {isa = PBXFileReference; fileEncoding = 4; lastKnownFileType = sourcecode.c.h; path = DateUtils.h; sourceTree = "<group>"; };
		F22F353E1833273700FE96B5 /* DateUtils.m */ = {isa = PBXFileReference; fileEncoding = 4; lastKnownFileType = sourcecode.c.objc; path = DateUtils.m; sourceTree = "<group>"; };
		F22F35401833273E00FE96B5 /* APPUtils.h */ = {isa = PBXFileReference; fileEncoding = 4; lastKnownFileType = sourcecode.c.h; path = APPUtils.h; sourceTree = "<group>"; };
		F22F35411833273E00FE96B5 /* APPUtils.m */ = {isa = PBXFileReference; fileEncoding = 4; lastKnownFileType = sourcecode.c.objc; path = APPUtils.m; sourceTree = "<group>"; };
		F22F35451833304000FE96B5 /* download.png */ = {isa = PBXFileReference; lastKnownFileType = image.png; path = download.png; sourceTree = "<group>"; };
		F22F35461833304000FE96B5 /* downloaded.png */ = {isa = PBXFileReference; lastKnownFileType = image.png; path = downloaded.png; sourceTree = "<group>"; };
		F22F35471833304000FE96B5 /* grid.png */ = {isa = PBXFileReference; lastKnownFileType = image.png; path = grid.png; sourceTree = "<group>"; };
		F22F35481833304000FE96B5 /* introduce@2x.png */ = {isa = PBXFileReference; lastKnownFileType = image.png; path = "introduce@2x.png"; sourceTree = "<group>"; };
		F22F35491833304000FE96B5 /* playing.png */ = {isa = PBXFileReference; lastKnownFileType = image.png; path = playing.png; sourceTree = "<group>"; };
		F22F354F1833327C00FE96B5 /* BEListController.h */ = {isa = PBXFileReference; fileEncoding = 4; lastKnownFileType = sourcecode.c.h; path = BEListController.h; sourceTree = "<group>"; };
		F22F35501833327C00FE96B5 /* BEListController.m */ = {isa = PBXFileReference; fileEncoding = 4; lastKnownFileType = sourcecode.c.objc; path = BEListController.m; sourceTree = "<group>"; };
		F22F35531833339400FE96B5 /* BEListCell.h */ = {isa = PBXFileReference; fileEncoding = 4; lastKnownFileType = sourcecode.c.h; path = BEListCell.h; sourceTree = "<group>"; };
		F22F35541833339400FE96B5 /* BEListCell.m */ = {isa = PBXFileReference; fileEncoding = 4; lastKnownFileType = sourcecode.c.objc; path = BEListCell.m; sourceTree = "<group>"; };
		F22F35561833391300FE96B5 /* DarkBackground.png */ = {isa = PBXFileReference; lastKnownFileType = image.png; path = DarkBackground.png; sourceTree = "<group>"; };
		F22F35571833391300FE96B5 /* LightBackground.png */ = {isa = PBXFileReference; lastKnownFileType = image.png; path = LightBackground.png; sourceTree = "<group>"; };
		F22F355C18333F2400FE96B5 /* setting.png */ = {isa = PBXFileReference; lastKnownFileType = image.png; path = setting.png; sourceTree = "<group>"; };
		F22F355E18333FB100FE96B5 /* BEVIPController.h */ = {isa = PBXFileReference; fileEncoding = 4; lastKnownFileType = sourcecode.c.h; path = BEVIPController.h; sourceTree = "<group>"; };
		F22F355F18333FB100FE96B5 /* BEVIPController.m */ = {isa = PBXFileReference; fileEncoding = 4; lastKnownFileType = sourcecode.c.objc; path = BEVIPController.m; sourceTree = "<group>"; };
		F22F35621833438A00FE96B5 /* navibar641@2x.png */ = {isa = PBXFileReference; lastKnownFileType = image.png; path = "navibar641@2x.png"; sourceTree = "<group>"; };
		F22F3566183345B900FE96B5 /* navibar641.png */ = {isa = PBXFileReference; lastKnownFileType = image.png; path = navibar641.png; sourceTree = "<group>"; };
		F22F35681833462500FE96B5 /* navibar441.png */ = {isa = PBXFileReference; lastKnownFileType = image.png; path = navibar441.png; sourceTree = "<group>"; };
		F22F35691833462500FE96B5 /* navibar441@2x.png */ = {isa = PBXFileReference; lastKnownFileType = image.png; path = "navibar441@2x.png"; sourceTree = "<group>"; };
		F22F356C1833478300FE96B5 /* tablebar.png */ = {isa = PBXFileReference; lastKnownFileType = image.png; path = tablebar.png; sourceTree = "<group>"; };
		F22F356D1833478300FE96B5 /* tablebar@2x.png */ = {isa = PBXFileReference; lastKnownFileType = image.png; path = "tablebar@2x.png"; sourceTree = "<group>"; };
		F25C549818083E7B0014AFE1 /* Default-568h@2x.png */ = {isa = PBXFileReference; lastKnownFileType = image.png; path = "Default-568h@2x.png"; sourceTree = "<group>"; };
		F25C549E180841890014AFE1 /* Images.xcassets */ = {isa = PBXFileReference; lastKnownFileType = folder.assetcatalog; path = Images.xcassets; sourceTree = "<group>"; };
		F295E4121810236300E154A4 /* background.png */ = {isa = PBXFileReference; lastKnownFileType = image.png; path = background.png; sourceTree = "<group>"; };
		F295E4141810236900E154A4 /* board.png */ = {isa = PBXFileReference; lastKnownFileType = image.png; path = board.png; sourceTree = "<group>"; };
		F295E4161810237600E154A4 /* board2.png */ = {isa = PBXFileReference; lastKnownFileType = image.png; path = board2.png; sourceTree = "<group>"; };
		F295E4181810238100E154A4 /* dot.png */ = {isa = PBXFileReference; lastKnownFileType = image.png; path = dot.png; sourceTree = "<group>"; };
		F295E4191810238100E154A4 /* dot2.png */ = {isa = PBXFileReference; lastKnownFileType = image.png; path = dot2.png; sourceTree = "<group>"; };
		F295E41A1810238100E154A4 /* line.png */ = {isa = PBXFileReference; lastKnownFileType = image.png; path = line.png; sourceTree = "<group>"; };
		F295E41B1810238100E154A4 /* line2.png */ = {isa = PBXFileReference; lastKnownFileType = image.png; path = line2.png; sourceTree = "<group>"; };
		F295E41C1810238100E154A4 /* navibar.png */ = {isa = PBXFileReference; lastKnownFileType = image.png; path = navibar.png; sourceTree = "<group>"; };
		F295E41E1810238100E154A4 /* photo.png */ = {isa = PBXFileReference; lastKnownFileType = image.png; path = photo.png; sourceTree = "<group>"; };
		F295E41F1810238100E154A4 /* select.png */ = {isa = PBXFileReference; lastKnownFileType = image.png; path = select.png; sourceTree = "<group>"; };
		F295E4201810238100E154A4 /* tabbar@2x.png */ = {isa = PBXFileReference; lastKnownFileType = image.png; path = "tabbar@2x.png"; sourceTree = "<group>"; };
		F295E42B181023B200E154A4 /* UIImage+rescale.h */ = {isa = PBXFileReference; fileEncoding = 4; lastKnownFileType = sourcecode.c.h; path = "UIImage+rescale.h"; sourceTree = "<group>"; };
		F295E42C181023B200E154A4 /* UIImage+rescale.m */ = {isa = PBXFileReference; fileEncoding = 4; lastKnownFileType = sourcecode.c.objc; path = "UIImage+rescale.m"; sourceTree = "<group>"; };
		F295E42E181023CD00E154A4 /* QuartzCore.framework */ = {isa = PBXFileReference; lastKnownFileType = wrapper.framework; name = QuartzCore.framework; path = System/Library/Frameworks/QuartzCore.framework; sourceTree = SDKROOT; };
		F295E430181029EF00E154A4 /* navbar44@2x.png */ = {isa = PBXFileReference; lastKnownFileType = image.png; path = "navbar44@2x.png"; sourceTree = "<group>"; };
		F295E43218102A6100E154A4 /* navbar64@2x.png */ = {isa = PBXFileReference; lastKnownFileType = image.png; path = "navbar64@2x.png"; sourceTree = "<group>"; };
		F295E43418102DEB00E154A4 /* navbar_background@2x.png */ = {isa = PBXFileReference; lastKnownFileType = image.png; path = "navbar_background@2x.png"; sourceTree = "<group>"; };
		F295E43618102E3800E154A4 /* top_navigation_background_88@2x.png */ = {isa = PBXFileReference; lastKnownFileType = image.png; path = "top_navigation_background_88@2x.png"; sourceTree = "<group>"; };
		F295E43718102E3800E154A4 /* top_navigation_background@2x.png */ = {isa = PBXFileReference; lastKnownFileType = image.png; path = "top_navigation_background@2x.png"; sourceTree = "<group>"; };
		F295E43A1810334D00E154A4 /* tabbar49@2x.png */ = {isa = PBXFileReference; lastKnownFileType = image.png; path = "tabbar49@2x.png"; sourceTree = "<group>"; };
		F2B322061808F28F0008FDBB /* BENewsController.h */ = {isa = PBXFileReference; fileEncoding = 4; lastKnownFileType = sourcecode.c.h; path = BENewsController.h; sourceTree = "<group>"; };
		F2B322071808F28F0008FDBB /* BENewsController.m */ = {isa = PBXFileReference; fileEncoding = 4; lastKnownFileType = sourcecode.c.objc; path = BENewsController.m; sourceTree = "<group>"; };
		F2F773C8180B87360070EF24 /* Icon-Small.png */ = {isa = PBXFileReference; lastKnownFileType = image.png; path = "Icon-Small.png"; sourceTree = "<group>"; };
		F2F773C9180B87360070EF24 /* Icon-Small-50.png */ = {isa = PBXFileReference; lastKnownFileType = image.png; path = "Icon-Small-50.png"; sourceTree = "<group>"; };
		F2F773CA180B87360070EF24 /* icon.png */ = {isa = PBXFileReference; lastKnownFileType = image.png; path = icon.png; sourceTree = "<group>"; };
		F2F773CB180B87360070EF24 /* Icon-Small@2x.png */ = {isa = PBXFileReference; lastKnownFileType = image.png; path = "Icon-Small@2x.png"; sourceTree = "<group>"; };
		F2F773CC180B87360070EF24 /* Icon-72.png */ = {isa = PBXFileReference; lastKnownFileType = image.png; path = "Icon-72.png"; sourceTree = "<group>"; };
		F2F773CD180B87360070EF24 /* Icon@2x.png */ = {isa = PBXFileReference; lastKnownFileType = image.png; path = "Icon@2x.png"; sourceTree = "<group>"; };
		F2F773D4180B87E50070EF24 /* Default.png */ = {isa = PBXFileReference; lastKnownFileType = image.png; path = Default.png; sourceTree = "<group>"; };
		F2F773D5180B87E50070EF24 /* Default@2x.png */ = {isa = PBXFileReference; lastKnownFileType = image.png; path = "Default@2x.png"; sourceTree = "<group>"; };
		F2F773DA180B927F0070EF24 /* icon-60@2x.png */ = {isa = PBXFileReference; lastKnownFileType = image.png; path = "icon-60@2x.png"; sourceTree = "<group>"; };
		F2F773DC180B95370070EF24 /* icon-40@2x.png */ = {isa = PBXFileReference; lastKnownFileType = image.png; path = "icon-40@2x.png"; sourceTree = "<group>"; };
		F2F773DF180B98690070EF24 /* utils.h */ = {isa = PBXFileReference; lastKnownFileType = sourcecode.c.h; path = utils.h; sourceTree = "<group>"; };
		F2F77424180BF51A0070EF24 /* en */ = {isa = PBXFileReference; lastKnownFileType = file.storyboard; name = en; path = en.lproj/Main_ios6.storyboard; sourceTree = "<group>"; };
/* End PBXFileReference section */

/* Begin PBXFrameworksBuildPhase section */
		F21551A5180705380020183B /* Frameworks */ = {
			isa = PBXFrameworksBuildPhase;
			buildActionMask = 2147483647;
			files = (
				F295E42F181023CD00E154A4 /* QuartzCore.framework in Frameworks */,
				F21551AE180705380020183B /* CoreGraphics.framework in Frameworks */,
				F21551B0180705380020183B /* UIKit.framework in Frameworks */,
				F21551AC180705380020183B /* Foundation.framework in Frameworks */,
			);
			runOnlyForDeploymentPostprocessing = 0;
		};
		F21551C6180705380020183B /* Frameworks */ = {
			isa = PBXFrameworksBuildPhase;
			buildActionMask = 2147483647;
			files = (
				F21551CB180705380020183B /* XCTest.framework in Frameworks */,
				F21551CD180705380020183B /* UIKit.framework in Frameworks */,
				F21551CC180705380020183B /* Foundation.framework in Frameworks */,
			);
			runOnlyForDeploymentPostprocessing = 0;
		};
/* End PBXFrameworksBuildPhase section */

/* Begin PBXGroup section */
		F215519F180705380020183B = {
			isa = PBXGroup;
			children = (
				F21551B1180705380020183B /* badEgg */,
				F21551D0180705380020183B /* badEggTests */,
				F21551AA180705380020183B /* Frameworks */,
				F21551A9180705380020183B /* Products */,
			);
			sourceTree = "<group>";
		};
		F21551A9180705380020183B /* Products */ = {
			isa = PBXGroup;
			children = (
				F21551A8180705380020183B /* badEgg.app */,
				F21551C9180705380020183B /* badEggTests.xctest */,
			);
			name = Products;
			sourceTree = "<group>";
		};
		F21551AA180705380020183B /* Frameworks */ = {
			isa = PBXGroup;
			children = (
				F295E42E181023CD00E154A4 /* QuartzCore.framework */,
				F21551AB180705380020183B /* Foundation.framework */,
				F21551AD180705380020183B /* CoreGraphics.framework */,
				F21551AF180705380020183B /* UIKit.framework */,
				F21551CA180705380020183B /* XCTest.framework */,
			);
			name = Frameworks;
			sourceTree = "<group>";
		};
		F21551B1180705380020183B /* badEgg */ = {
			isa = PBXGroup;
			children = (
				F2F773DE180B98520070EF24 /* utils */,
				F2B322041808F26C0008FDBB /* UI */,
				F21551BA180705380020183B /* BEAppDelegate.h */,
				F21551BB180705380020183B /* BEAppDelegate.m */,
				F21551C0180705380020183B /* BEViewController.h */,
				F21551C1180705380020183B /* BEViewController.m */,
				F21551B2180705380020183B /* Supporting Files */,
			);
			path = badEgg;
			sourceTree = "<group>";
		};
		F21551B2180705380020183B /* Supporting Files */ = {
			isa = PBXGroup;
			children = (
				F22F35611833437E00FE96B5 /* resource */,
				F21551FA18070BE10020183B /* Main.storyboard */,
				F2F77423180BF51A0070EF24 /* Main_ios6.storyboard */,
				F21551F818070BE10020183B /* Main_ios5.storyboard */,
				F21551B3180705380020183B /* badEgg-Info.plist */,
				F25C549E180841890014AFE1 /* Images.xcassets */,
				F21551B9180705380020183B /* badEgg-Prefix.pch */,
				F2F773DC180B95370070EF24 /* icon-40@2x.png */,
				F2F773DA180B927F0070EF24 /* icon-60@2x.png */,
				F2F773C8180B87360070EF24 /* Icon-Small.png */,
				F2F773C9180B87360070EF24 /* Icon-Small-50.png */,
				F2F773CA180B87360070EF24 /* icon.png */,
				F2F773CB180B87360070EF24 /* Icon-Small@2x.png */,
				F2F773CC180B87360070EF24 /* Icon-72.png */,
				F2F773CD180B87360070EF24 /* Icon@2x.png */,
				F2F773D4180B87E50070EF24 /* Default.png */,
				F2F773D5180B87E50070EF24 /* Default@2x.png */,
				F25C549818083E7B0014AFE1 /* Default-568h@2x.png */,
				F21551B4180705380020183B /* InfoPlist.strings */,
				F21551B7180705380020183B /* main.m */,
			);
			name = "Supporting Files";
			sourceTree = "<group>";
		};
		F21551D0180705380020183B /* badEggTests */ = {
			isa = PBXGroup;
			children = (
				F21551D6180705380020183B /* badEggTests.m */,
				F21551D1180705380020183B /* Supporting Files */,
			);
			path = badEggTests;
			sourceTree = "<group>";
		};
		F21551D1180705380020183B /* Supporting Files */ = {
			isa = PBXGroup;
			children = (
				F21551D2180705380020183B /* badEggTests-Info.plist */,
				F21551D3180705380020183B /* InfoPlist.strings */,
			);
			name = "Supporting Files";
			sourceTree = "<group>";
		};
		F22F35431833302E00FE96B5 /* List */ = {
			isa = PBXGroup;
			children = (
				F22F35521833336E00FE96B5 /* cell */,
				F22F35441833303400FE96B5 /* pic */,
				F22F354F1833327C00FE96B5 /* BEListController.h */,
				F22F35501833327C00FE96B5 /* BEListController.m */,
			);
			name = List;
			sourceTree = "<group>";
		};
		F22F35441833303400FE96B5 /* pic */ = {
			isa = PBXGroup;
			children = (
				F22F35561833391300FE96B5 /* DarkBackground.png */,
				F22F35571833391300FE96B5 /* LightBackground.png */,
				F22F35451833304000FE96B5 /* download.png */,
				F22F35461833304000FE96B5 /* downloaded.png */,
				F22F35471833304000FE96B5 /* grid.png */,
				F22F35481833304000FE96B5 /* introduce@2x.png */,
				F22F35491833304000FE96B5 /* playing.png */,
			);
			name = pic;
			sourceTree = "<group>";
		};
		F22F35521833336E00FE96B5 /* cell */ = {
			isa = PBXGroup;
			children = (
				F22F35531833339400FE96B5 /* BEListCell.h */,
				F22F35541833339400FE96B5 /* BEListCell.m */,
			);
			name = cell;
			sourceTree = "<group>";
		};
		F22F355A18333E7B00FE96B5 /* VIP */ = {
			isa = PBXGroup;
			children = (
				F22F355B18333F1B00FE96B5 /* pic */,
				F22F355E18333FB100FE96B5 /* BEVIPController.h */,
				F22F355F18333FB100FE96B5 /* BEVIPController.m */,
			);
			name = VIP;
			sourceTree = "<group>";
		};
		F22F355B18333F1B00FE96B5 /* pic */ = {
			isa = PBXGroup;
			children = (
				F22F355C18333F2400FE96B5 /* setting.png */,
			);
			name = pic;
			sourceTree = "<group>";
		};
		F22F35611833437E00FE96B5 /* resource */ = {
			isa = PBXGroup;
			children = (
				F22F356C1833478300FE96B5 /* tablebar.png */,
				F22F356D1833478300FE96B5 /* tablebar@2x.png */,
				F22F35681833462500FE96B5 /* navibar441.png */,
				F22F35691833462500FE96B5 /* navibar441@2x.png */,
				F22F3566183345B900FE96B5 /* navibar641.png */,
				F22F35621833438A00FE96B5 /* navibar641@2x.png */,
			);
			name = resource;
			sourceTree = "<group>";
		};
		F295E42A1810238E00E154A4 /* pic */ = {
			isa = PBXGroup;
			children = (
				F22F35391833258300FE96B5 /* date.png */,
				F22F353B183325B100FE96B5 /* text.png */,
				F295E43A1810334D00E154A4 /* tabbar49@2x.png */,
				F295E43618102E3800E154A4 /* top_navigation_background_88@2x.png */,
				F295E43718102E3800E154A4 /* top_navigation_background@2x.png */,
				F295E43418102DEB00E154A4 /* navbar_background@2x.png */,
				F295E43218102A6100E154A4 /* navbar64@2x.png */,
				F295E430181029EF00E154A4 /* navbar44@2x.png */,
				F295E4121810236300E154A4 /* background.png */,
				F295E4141810236900E154A4 /* board.png */,
				F295E4161810237600E154A4 /* board2.png */,
				F295E4181810238100E154A4 /* dot.png */,
				F295E4191810238100E154A4 /* dot2.png */,
				F295E41A1810238100E154A4 /* line.png */,
				F295E41B1810238100E154A4 /* line2.png */,
				F295E41C1810238100E154A4 /* navibar.png */,
				F295E41E1810238100E154A4 /* photo.png */,
				F295E41F1810238100E154A4 /* select.png */,
				F295E4201810238100E154A4 /* tabbar@2x.png */,
			);
			name = pic;
			sourceTree = "<group>";
		};
		F2B322041808F26C0008FDBB /* UI */ = {
			isa = PBXGroup;
			children = (
				F22F355A18333E7B00FE96B5 /* VIP */,
				F22F35431833302E00FE96B5 /* List */,
				F2B322051808F2760008FDBB /* news */,
			);
			name = UI;
			sourceTree = "<group>";
		};
		F2B322051808F2760008FDBB /* news */ = {
			isa = PBXGroup;
			children = (
				F295E42A1810238E00E154A4 /* pic */,
				F2B322061808F28F0008FDBB /* BENewsController.h */,
				F2B322071808F28F0008FDBB /* BENewsController.m */,
				F22F35361833204700FE96B5 /* BENewsDetailController.h */,
				F22F35371833204700FE96B5 /* BENewsDetailController.m */,
			);
			name = news;
			sourceTree = "<group>";
		};
		F2F773DE180B98520070EF24 /* utils */ = {
			isa = PBXGroup;
			children = (
				F22F353D1833273700FE96B5 /* DateUtils.h */,
				F22F353E1833273700FE96B5 /* DateUtils.m */,
				F22F35401833273E00FE96B5 /* APPUtils.h */,
				F22F35411833273E00FE96B5 /* APPUtils.m */,
				F295E42B181023B200E154A4 /* UIImage+rescale.h */,
				F295E42C181023B200E154A4 /* UIImage+rescale.m */,
				F2F773DF180B98690070EF24 /* utils.h */,
			);
			name = utils;
			sourceTree = "<group>";
		};
/* End PBXGroup section */

/* Begin PBXNativeTarget section */
		F21551A7180705380020183B /* badEgg */ = {
			isa = PBXNativeTarget;
			buildConfigurationList = F21551DA180705380020183B /* Build configuration list for PBXNativeTarget "badEgg" */;
			buildPhases = (
				F21551A4180705380020183B /* Sources */,
				F21551A5180705380020183B /* Frameworks */,
				F21551A6180705380020183B /* Resources */,
			);
			buildRules = (
			);
			dependencies = (
			);
			name = badEgg;
			productName = badEgg;
			productReference = F21551A8180705380020183B /* badEgg.app */;
			productType = "com.apple.product-type.application";
		};
		F21551C8180705380020183B /* badEggTests */ = {
			isa = PBXNativeTarget;
			buildConfigurationList = F21551DD180705380020183B /* Build configuration list for PBXNativeTarget "badEggTests" */;
			buildPhases = (
				F21551C5180705380020183B /* Sources */,
				F21551C6180705380020183B /* Frameworks */,
				F21551C7180705380020183B /* Resources */,
			);
			buildRules = (
			);
			dependencies = (
				F21551CF180705380020183B /* PBXTargetDependency */,
			);
			name = badEggTests;
			productName = badEggTests;
			productReference = F21551C9180705380020183B /* badEggTests.xctest */;
			productType = "com.apple.product-type.bundle.unit-test";
		};
/* End PBXNativeTarget section */

/* Begin PBXProject section */
		F21551A0180705380020183B /* Project object */ = {
			isa = PBXProject;
			attributes = {
				CLASSPREFIX = BE;
				LastUpgradeCheck = 0500;
				ORGANIZATIONNAME = surekam;
				TargetAttributes = {
					F21551C8180705380020183B = {
						TestTargetID = F21551A7180705380020183B;
					};
				};
			};
			buildConfigurationList = F21551A3180705380020183B /* Build configuration list for PBXProject "badEgg" */;
			compatibilityVersion = "Xcode 3.2";
			developmentRegion = English;
			hasScannedForEncodings = 0;
			knownRegions = (
				en,
				Base,
			);
			mainGroup = F215519F180705380020183B;
			productRefGroup = F21551A9180705380020183B /* Products */;
			projectDirPath = "";
			projectRoot = "";
			targets = (
				F21551A7180705380020183B /* badEgg */,
				F21551C8180705380020183B /* badEggTests */,
			);
		};
/* End PBXProject section */

/* Begin PBXResourcesBuildPhase section */
		F21551A6180705380020183B /* Resources */ = {
			isa = PBXResourcesBuildPhase;
			buildActionMask = 2147483647;
			files = (
				F2F773D7180B87E50070EF24 /* Default.png in Resources */,
				F22F356B1833462500FE96B5 /* navibar441@2x.png in Resources */,
				F22F354B1833304000FE96B5 /* downloaded.png in Resources */,
				F2F77425180BF51A0070EF24 /* Main_ios6.storyboard in Resources */,
				F295E4231810238100E154A4 /* line.png in Resources */,
				F21551FC18070BE10020183B /* Main_ios5.storyboard in Resources */,
				F25C549F180841890014AFE1 /* Images.xcassets in Resources */,
				F2F773D0180B87360070EF24 /* icon.png in Resources */,
				F295E43518102DEB00E154A4 /* navbar_background@2x.png in Resources */,
				F295E43318102A6100E154A4 /* navbar64@2x.png in Resources */,
				F2F773D1180B87360070EF24 /* Icon-Small@2x.png in Resources */,
				F22F35591833391300FE96B5 /* LightBackground.png in Resources */,
				F22F3567183345B900FE96B5 /* navibar641.png in Resources */,
				F295E4131810236300E154A4 /* background.png in Resources */,
				F295E43818102E3800E154A4 /* top_navigation_background_88@2x.png in Resources */,
				F22F354D1833304000FE96B5 /* introduce@2x.png in Resources */,
				F22F353C183325B100FE96B5 /* text.png in Resources */,
				F25C549918083E7B0014AFE1 /* Default-568h@2x.png in Resources */,
				F2F773D3180B87360070EF24 /* Icon@2x.png in Resources */,
				F22F353A1833258300FE96B5 /* date.png in Resources */,
				F22F356A1833462500FE96B5 /* navibar441.png in Resources */,
				F2F773D8180B87E50070EF24 /* Default@2x.png in Resources */,
				F295E431181029EF00E154A4 /* navbar44@2x.png in Resources */,
				F22F35581833391300FE96B5 /* DarkBackground.png in Resources */,
				F21551FD18070BE10020183B /* Main.storyboard in Resources */,
				F22F356F1833478300FE96B5 /* tablebar@2x.png in Resources */,
				F295E4291810238100E154A4 /* tabbar@2x.png in Resources */,
				F295E43B1810334D00E154A4 /* tabbar49@2x.png in Resources */,
				F22F356E1833478300FE96B5 /* tablebar.png in Resources */,
				F2F773D2180B87360070EF24 /* Icon-72.png in Resources */,
				F295E4241810238100E154A4 /* line2.png in Resources */,
				F295E4251810238100E154A4 /* navibar.png in Resources */,
				F22F354A1833304000FE96B5 /* download.png in Resources */,
				F22F354E1833304000FE96B5 /* playing.png in Resources */,
				F295E4151810236900E154A4 /* board.png in Resources */,
				F295E4281810238100E154A4 /* select.png in Resources */,
				F2F773DB180B927F0070EF24 /* icon-60@2x.png in Resources */,
				F295E4211810238100E154A4 /* dot.png in Resources */,
				F295E4171810237600E154A4 /* board2.png in Resources */,
				F21551B6180705380020183B /* InfoPlist.strings in Resources */,
				F22F354C1833304000FE96B5 /* grid.png in Resources */,
				F295E4221810238100E154A4 /* dot2.png in Resources */,
				F295E4271810238100E154A4 /* photo.png in Resources */,
				F295E43918102E3800E154A4 /* top_navigation_background@2x.png in Resources */,
				F2F773CE180B87360070EF24 /* Icon-Small.png in Resources */,
				F22F355D18333F2400FE96B5 /* setting.png in Resources */,
				F2F773DD180B95370070EF24 /* icon-40@2x.png in Resources */,
				F2F773CF180B87360070EF24 /* Icon-Small-50.png in Resources */,
				F22F35631833438A00FE96B5 /* navibar641@2x.png in Resources */,
			);
			runOnlyForDeploymentPostprocessing = 0;
		};
		F21551C7180705380020183B /* Resources */ = {
			isa = PBXResourcesBuildPhase;
			buildActionMask = 2147483647;
			files = (
				F21551D5180705380020183B /* InfoPlist.strings in Resources */,
			);
			runOnlyForDeploymentPostprocessing = 0;
		};
/* End PBXResourcesBuildPhase section */

/* Begin PBXSourcesBuildPhase section */
		F21551A4180705380020183B /* Sources */ = {
			isa = PBXSourcesBuildPhase;
			buildActionMask = 2147483647;
			files = (
				F22F356018333FB100FE96B5 /* BEVIPController.m in Sources */,
				F21551C2180705380020183B /* BEViewController.m in Sources */,
				F2B322081808F28F0008FDBB /* BENewsController.m in Sources */,
				F22F35511833327C00FE96B5 /* BEListController.m in Sources */,
				F22F35381833204700FE96B5 /* BENewsDetailController.m in Sources */,
				F21551B8180705380020183B /* main.m in Sources */,
				F22F353F1833273700FE96B5 /* DateUtils.m in Sources */,
				F295E42D181023B200E154A4 /* UIImage+rescale.m in Sources */,
				F21551BC180705380020183B /* BEAppDelegate.m in Sources */,
				F22F35551833339400FE96B5 /* BEListCell.m in Sources */,
				F22F35421833273E00FE96B5 /* APPUtils.m in Sources */,
			);
			runOnlyForDeploymentPostprocessing = 0;
		};
		F21551C5180705380020183B /* Sources */ = {
			isa = PBXSourcesBuildPhase;
			buildActionMask = 2147483647;
			files = (
				F21551D7180705380020183B /* badEggTests.m in Sources */,
			);
			runOnlyForDeploymentPostprocessing = 0;
		};
/* End PBXSourcesBuildPhase section */

/* Begin PBXTargetDependency section */
		F21551CF180705380020183B /* PBXTargetDependency */ = {
			isa = PBXTargetDependency;
			target = F21551A7180705380020183B /* badEgg */;
			targetProxy = F21551CE180705380020183B /* PBXContainerItemProxy */;
		};
/* End PBXTargetDependency section */

/* Begin PBXVariantGroup section */
		F21551B4180705380020183B /* InfoPlist.strings */ = {
			isa = PBXVariantGroup;
			children = (
				F21551B5180705380020183B /* en */,
			);
			name = InfoPlist.strings;
			sourceTree = "<group>";
		};
		F21551D3180705380020183B /* InfoPlist.strings */ = {
			isa = PBXVariantGroup;
			children = (
				F21551D4180705380020183B /* en */,
			);
			name = InfoPlist.strings;
			sourceTree = "<group>";
		};
		F21551F818070BE10020183B /* Main_ios5.storyboard */ = {
			isa = PBXVariantGroup;
			children = (
				F21551F918070BE10020183B /* en */,
			);
			name = Main_ios5.storyboard;
			sourceTree = "<group>";
		};
		F21551FA18070BE10020183B /* Main.storyboard */ = {
			isa = PBXVariantGroup;
			children = (
				F21551FB18070BE10020183B /* en */,
			);
			name = Main.storyboard;
			sourceTree = "<group>";
		};
		F2F77423180BF51A0070EF24 /* Main_ios6.storyboard */ = {
			isa = PBXVariantGroup;
			children = (
				F2F77424180BF51A0070EF24 /* en */,
			);
			name = Main_ios6.storyboard;
			sourceTree = "<group>";
		};
/* End PBXVariantGroup section */

/* Begin XCBuildConfiguration section */
		F21551D8180705380020183B /* Debug */ = {
			isa = XCBuildConfiguration;
			buildSettings = {
				ALWAYS_SEARCH_USER_PATHS = NO;
				ARCHS = "$(ARCHS_STANDARD_INCLUDING_64_BIT)";
				CLANG_CXX_LANGUAGE_STANDARD = "gnu++0x";
				CLANG_CXX_LIBRARY = "libc++";
				CLANG_ENABLE_MODULES = YES;
				CLANG_ENABLE_OBJC_ARC = YES;
				CLANG_WARN_BOOL_CONVERSION = YES;
				CLANG_WARN_CONSTANT_CONVERSION = YES;
				CLANG_WARN_DIRECT_OBJC_ISA_USAGE = YES_ERROR;
				CLANG_WARN_EMPTY_BODY = YES;
				CLANG_WARN_ENUM_CONVERSION = YES;
				CLANG_WARN_INT_CONVERSION = YES;
				CLANG_WARN_OBJC_ROOT_CLASS = YES_ERROR;
				CLANG_WARN__DUPLICATE_METHOD_MATCH = YES;
				"CODE_SIGN_IDENTITY[sdk=iphoneos*]" = "iPhone Developer";
				COPY_PHASE_STRIP = NO;
				GCC_C_LANGUAGE_STANDARD = gnu99;
				GCC_DYNAMIC_NO_PIC = NO;
				GCC_OPTIMIZATION_LEVEL = 0;
				GCC_PREPROCESSOR_DEFINITIONS = (
					"DEBUG=1",
					"$(inherited)",
				);
				GCC_SYMBOLS_PRIVATE_EXTERN = NO;
				GCC_WARN_64_TO_32_BIT_CONVERSION = YES;
				GCC_WARN_ABOUT_RETURN_TYPE = YES_ERROR;
				GCC_WARN_UNDECLARED_SELECTOR = YES;
				GCC_WARN_UNINITIALIZED_AUTOS = YES;
				GCC_WARN_UNUSED_FUNCTION = YES;
				GCC_WARN_UNUSED_VARIABLE = YES;
				IPHONEOS_DEPLOYMENT_TARGET = 5.0;
				ONLY_ACTIVE_ARCH = YES;
				SDKROOT = iphoneos;
			};
			name = Debug;
		};
		F21551D9180705380020183B /* Release */ = {
			isa = XCBuildConfiguration;
			buildSettings = {
				ALWAYS_SEARCH_USER_PATHS = NO;
				ARCHS = "$(ARCHS_STANDARD_INCLUDING_64_BIT)";
				CLANG_CXX_LANGUAGE_STANDARD = "gnu++0x";
				CLANG_CXX_LIBRARY = "libc++";
				CLANG_ENABLE_MODULES = YES;
				CLANG_ENABLE_OBJC_ARC = YES;
				CLANG_WARN_BOOL_CONVERSION = YES;
				CLANG_WARN_CONSTANT_CONVERSION = YES;
				CLANG_WARN_DIRECT_OBJC_ISA_USAGE = YES_ERROR;
				CLANG_WARN_EMPTY_BODY = YES;
				CLANG_WARN_ENUM_CONVERSION = YES;
				CLANG_WARN_INT_CONVERSION = YES;
				CLANG_WARN_OBJC_ROOT_CLASS = YES_ERROR;
				CLANG_WARN__DUPLICATE_METHOD_MATCH = YES;
				"CODE_SIGN_IDENTITY[sdk=iphoneos*]" = "iPhone Developer";
				COPY_PHASE_STRIP = YES;
				ENABLE_NS_ASSERTIONS = NO;
				GCC_C_LANGUAGE_STANDARD = gnu99;
				GCC_WARN_64_TO_32_BIT_CONVERSION = YES;
				GCC_WARN_ABOUT_RETURN_TYPE = YES_ERROR;
				GCC_WARN_UNDECLARED_SELECTOR = YES;
				GCC_WARN_UNINITIALIZED_AUTOS = YES;
				GCC_WARN_UNUSED_FUNCTION = YES;
				GCC_WARN_UNUSED_VARIABLE = YES;
				IPHONEOS_DEPLOYMENT_TARGET = 5.0;
				SDKROOT = iphoneos;
				VALIDATE_PRODUCT = YES;
			};
			name = Release;
		};
		F21551DB180705380020183B /* Debug */ = {
			isa = XCBuildConfiguration;
			buildSettings = {
				ASSETCATALOG_COMPILER_APPICON_NAME = AppIcon;
				ASSETCATALOG_COMPILER_LAUNCHIMAGE_NAME = LaunchImage;
				GCC_PRECOMPILE_PREFIX_HEADER = YES;
				GCC_PREFIX_HEADER = "badEgg/badEgg-Prefix.pch";
				INFOPLIST_FILE = "badEgg/badEgg-Info.plist";
				PRODUCT_NAME = "$(TARGET_NAME)";
				WRAPPER_EXTENSION = app;
			};
			name = Debug;
		};
		F21551DC180705380020183B /* Release */ = {
			isa = XCBuildConfiguration;
			buildSettings = {
				ASSETCATALOG_COMPILER_APPICON_NAME = AppIcon;
				ASSETCATALOG_COMPILER_LAUNCHIMAGE_NAME = LaunchImage;
				GCC_PRECOMPILE_PREFIX_HEADER = YES;
				GCC_PREFIX_HEADER = "badEgg/badEgg-Prefix.pch";
				INFOPLIST_FILE = "badEgg/badEgg-Info.plist";
				PRODUCT_NAME = "$(TARGET_NAME)";
				WRAPPER_EXTENSION = app;
			};
			name = Release;
		};
		F21551DE180705380020183B /* Debug */ = {
			isa = XCBuildConfiguration;
			buildSettings = {
				ARCHS = "$(ARCHS_STANDARD_INCLUDING_64_BIT)";
				BUNDLE_LOADER = "$(BUILT_PRODUCTS_DIR)/badEgg.app/badEgg";
				FRAMEWORK_SEARCH_PATHS = (
					"$(SDKROOT)/Developer/Library/Frameworks",
					"$(inherited)",
					"$(DEVELOPER_FRAMEWORKS_DIR)",
				);
				GCC_PRECOMPILE_PREFIX_HEADER = YES;
				GCC_PREFIX_HEADER = "badEgg/badEgg-Prefix.pch";
				GCC_PREPROCESSOR_DEFINITIONS = (
					"DEBUG=1",
					"$(inherited)",
				);
				INFOPLIST_FILE = "badEggTests/badEggTests-Info.plist";
				PRODUCT_NAME = "$(TARGET_NAME)";
				TEST_HOST = "$(BUNDLE_LOADER)";
				WRAPPER_EXTENSION = xctest;
			};
			name = Debug;
		};
		F21551DF180705380020183B /* Release */ = {
			isa = XCBuildConfiguration;
			buildSettings = {
				ARCHS = "$(ARCHS_STANDARD_INCLUDING_64_BIT)";
				BUNDLE_LOADER = "$(BUILT_PRODUCTS_DIR)/badEgg.app/badEgg";
				FRAMEWORK_SEARCH_PATHS = (
					"$(SDKROOT)/Developer/Library/Frameworks",
					"$(inherited)",
					"$(DEVELOPER_FRAMEWORKS_DIR)",
				);
				GCC_PRECOMPILE_PREFIX_HEADER = YES;
				GCC_PREFIX_HEADER = "badEgg/badEgg-Prefix.pch";
				INFOPLIST_FILE = "badEggTests/badEggTests-Info.plist";
				PRODUCT_NAME = "$(TARGET_NAME)";
				TEST_HOST = "$(BUNDLE_LOADER)";
				WRAPPER_EXTENSION = xctest;
			};
			name = Release;
		};
/* End XCBuildConfiguration section */

/* Begin XCConfigurationList section */
		F21551A3180705380020183B /* Build configuration list for PBXProject "badEgg" */ = {
			isa = XCConfigurationList;
			buildConfigurations = (
				F21551D8180705380020183B /* Debug */,
				F21551D9180705380020183B /* Release */,
			);
			defaultConfigurationIsVisible = 0;
			defaultConfigurationName = Release;
		};
		F21551DA180705380020183B /* Build configuration list for PBXNativeTarget "badEgg" */ = {
			isa = XCConfigurationList;
			buildConfigurations = (
				F21551DB180705380020183B /* Debug */,
				F21551DC180705380020183B /* Release */,
			);
			defaultConfigurationIsVisible = 0;
			defaultConfigurationName = Release;
		};
		F21551DD180705380020183B /* Build configuration list for PBXNativeTarget "badEggTests" */ = {
			isa = XCConfigurationList;
			buildConfigurations = (
				F21551DE180705380020183B /* Debug */,
				F21551DF180705380020183B /* Release */,
			);
			defaultConfigurationIsVisible = 0;
			defaultConfigurationName = Release;
		};
/* End XCConfigurationList section */
	};
	rootObject = F21551A0180705380020183B /* Project object */;
}
